// !$*UTF8*$!
{
	archiveVersion = 1;
	classes = {
	};
	objectVersion = 55;
	objects = {

/* Begin PBXBuildFile section */
		47C3167E23A0FEC353104B9E /* Pods_Excellence_Sports_Excellence_SportsUITests.framework in Frameworks */ = {isa = PBXBuildFile; fileRef = E488B28BC933AED4DE5EC319 /* Pods_Excellence_Sports_Excellence_SportsUITests.framework */; };
		562B2DC9EF62E97F806E4B67 /* Pods_Excellence_Sports.framework in Frameworks */ = {isa = PBXBuildFile; fileRef = 0C73F6A06E809962805C9C1C /* Pods_Excellence_Sports.framework */; };
		A559087AD1F42F9CA393DC16 /* Pods_Excellence_SportsTests.framework in Frameworks */ = {isa = PBXBuildFile; fileRef = D7A720F0880849449CC7AC1D /* Pods_Excellence_SportsTests.framework */; };
		AD2367D2295F1428008CD760 /* InfoPlist.strings in Resources */ = {isa = PBXBuildFile; fileRef = AD2367D4295F1428008CD760 /* InfoPlist.strings */; };
		AD2CAF592959B2A700010B25 /* LeagueDetailsViewController.swift in Sources */ = {isa = PBXBuildFile; fileRef = AD2CAF582959B2A700010B25 /* LeagueDetailsViewController.swift */; };
		AD2CAF5B2959B2D800010B25 /* LeagueDetailsViewModel.swift in Sources */ = {isa = PBXBuildFile; fileRef = AD2CAF5A2959B2D800010B25 /* LeagueDetailsViewModel.swift */; };
		AD5777042959DF5200850043 /* LeagueDetailsTableViewCell.swift in Sources */ = {isa = PBXBuildFile; fileRef = AD5777022959DF5200850043 /* LeagueDetailsTableViewCell.swift */; };
		AD5777052959DF5200850043 /* LeagueDetailsTableViewCell.xib in Resources */ = {isa = PBXBuildFile; fileRef = AD5777032959DF5200850043 /* LeagueDetailsTableViewCell.xib */; };
		AD7B5C55295C306C00AB55A2 /* loader.json in Resources */ = {isa = PBXBuildFile; fileRef = AD7B5C54295C306C00AB55A2 /* loader.json */; };
		AD7F6AEE29570FDC006C7475 /* AppDelegate.swift in Sources */ = {isa = PBXBuildFile; fileRef = AD7F6AED29570FDC006C7475 /* AppDelegate.swift */; };
		AD7F6AF529570FDC006C7475 /* Main.storyboard in Resources */ = {isa = PBXBuildFile; fileRef = AD7F6AF329570FDC006C7475 /* Main.storyboard */; };
		AD7F6AF829570FDC006C7475 /* Excellence_Sports.xcdatamodeld in Sources */ = {isa = PBXBuildFile; fileRef = AD7F6AF629570FDC006C7475 /* Excellence_Sports.xcdatamodeld */; };
		AD7F6AFA29570FDD006C7475 /* Assets.xcassets in Resources */ = {isa = PBXBuildFile; fileRef = AD7F6AF929570FDD006C7475 /* Assets.xcassets */; };
		AD7F6AFD29570FDD006C7475 /* LaunchScreen.storyboard in Resources */ = {isa = PBXBuildFile; fileRef = AD7F6AFB29570FDD006C7475 /* LaunchScreen.storyboard */; };
		AD7F6B0829570FDD006C7475 /* Excellence_SportsTests.swift in Sources */ = {isa = PBXBuildFile; fileRef = AD7F6B0729570FDD006C7475 /* Excellence_SportsTests.swift */; };
		AD7F6B1229570FDD006C7475 /* Excellence_SportsUITests.swift in Sources */ = {isa = PBXBuildFile; fileRef = AD7F6B1129570FDD006C7475 /* Excellence_SportsUITests.swift */; };
		AD7F6B1429570FDD006C7475 /* Excellence_SportsUITestsLaunchTests.swift in Sources */ = {isa = PBXBuildFile; fileRef = AD7F6B1329570FDD006C7475 /* Excellence_SportsUITestsLaunchTests.swift */; };
		AD7F6B85295725FA006C7475 /* Dialogs.strings in Resources */ = {isa = PBXBuildFile; fileRef = AD7F6B21295725FA006C7475 /* Dialogs.strings */; };
		AD7F6B86295725FA006C7475 /* MatchOptionsViewController.swift in Sources */ = {isa = PBXBuildFile; fileRef = AD7F6B25295725FA006C7475 /* MatchOptionsViewController.swift */; };
		AD7F6B87295725FA006C7475 /* Dialogs.storyboard in Resources */ = {isa = PBXBuildFile; fileRef = AD7F6B26295725FA006C7475 /* Dialogs.storyboard */; };
		AD7F6B88295725FA006C7475 /* SuccessfullDialog.swift in Sources */ = {isa = PBXBuildFile; fileRef = AD7F6B28295725FA006C7475 /* SuccessfullDialog.swift */; };
		AD7F6B89295725FA006C7475 /* ConfirmationViewController.swift in Sources */ = {isa = PBXBuildFile; fileRef = AD7F6B29295725FA006C7475 /* ConfirmationViewController.swift */; };
		AD7F6B8A295725FA006C7475 /* Dialog.swift in Sources */ = {isa = PBXBuildFile; fileRef = AD7F6B2D295725FA006C7475 /* Dialog.swift */; };
		AD7F6B8B295725FA006C7475 /* EndPoints.swift in Sources */ = {isa = PBXBuildFile; fileRef = AD7F6B2F295725FA006C7475 /* EndPoints.swift */; };
		AD7F6B8C295725FA006C7475 /* UploadFile.swift in Sources */ = {isa = PBXBuildFile; fileRef = AD7F6B30295725FA006C7475 /* UploadFile.swift */; };
		AD7F6B8D295725FA006C7475 /* Environment.swift in Sources */ = {isa = PBXBuildFile; fileRef = AD7F6B31295725FA006C7475 /* Environment.swift */; };
		AD7F6B8E295725FA006C7475 /* BaseUrl.swift in Sources */ = {isa = PBXBuildFile; fileRef = AD7F6B32295725FA006C7475 /* BaseUrl.swift */; };
		AD7F6B8F295725FA006C7475 /* WebService.swift in Sources */ = {isa = PBXBuildFile; fileRef = AD7F6B33295725FA006C7475 /* WebService.swift */; };
		AD7F6B90295725FA006C7475 /* HomeAPI.swift in Sources */ = {isa = PBXBuildFile; fileRef = AD7F6B35295725FA006C7475 /* HomeAPI.swift */; };
		AD7F6B91295725FA006C7475 /* Constants.swift in Sources */ = {isa = PBXBuildFile; fileRef = AD7F6B37295725FA006C7475 /* Constants.swift */; };
		AD7F6B92295725FA006C7475 /* RoundShadowView.swift in Sources */ = {isa = PBXBuildFile; fileRef = AD7F6B39295725FA006C7475 /* RoundShadowView.swift */; };
		AD7F6B93295725FA006C7475 /* BaseViewController.swift in Sources */ = {isa = PBXBuildFile; fileRef = AD7F6B3A295725FA006C7475 /* BaseViewController.swift */; };
		AD7F6B94295725FA006C7475 /* RoundView.swift in Sources */ = {isa = PBXBuildFile; fileRef = AD7F6B3B295725FA006C7475 /* RoundView.swift */; };
		AD7F6B95295725FA006C7475 /* MainTabBarController.swift in Sources */ = {isa = PBXBuildFile; fileRef = AD7F6B3C295725FA006C7475 /* MainTabBarController.swift */; };
		AD7F6B96295725FA006C7475 /* CustomTabBar.swift in Sources */ = {isa = PBXBuildFile; fileRef = AD7F6B3D295725FA006C7475 /* CustomTabBar.swift */; };
		AD7F6B97295725FA006C7475 /* RoundedCornerImage.swift in Sources */ = {isa = PBXBuildFile; fileRef = AD7F6B3E295725FA006C7475 /* RoundedCornerImage.swift */; };
		AD7F6B98295725FA006C7475 /* UIApplication+Extension.swift in Sources */ = {isa = PBXBuildFile; fileRef = AD7F6B40295725FA006C7475 /* UIApplication+Extension.swift */; };
		AD7F6B99295725FA006C7475 /* UIImageView+Extension.swift in Sources */ = {isa = PBXBuildFile; fileRef = AD7F6B41295725FA006C7475 /* UIImageView+Extension.swift */; };
		AD7F6B9A295725FA006C7475 /* UIColor+Extension.swift in Sources */ = {isa = PBXBuildFile; fileRef = AD7F6B42295725FA006C7475 /* UIColor+Extension.swift */; };
		AD7F6B9B295725FA006C7475 /* Date+Extension.swift in Sources */ = {isa = PBXBuildFile; fileRef = AD7F6B43295725FA006C7475 /* Date+Extension.swift */; };
		AD7F6B9C295725FA006C7475 /* UIView+Extension.swift in Sources */ = {isa = PBXBuildFile; fileRef = AD7F6B44295725FA006C7475 /* UIView+Extension.swift */; };
		AD7F6B9D295725FA006C7475 /* UINavigationController+Extension.swift in Sources */ = {isa = PBXBuildFile; fileRef = AD7F6B45295725FA006C7475 /* UINavigationController+Extension.swift */; };
		AD7F6B9E295725FA006C7475 /* URL+Extension.swift in Sources */ = {isa = PBXBuildFile; fileRef = AD7F6B46295725FA006C7475 /* URL+Extension.swift */; };
		AD7F6B9F295725FA006C7475 /* UIViewController+Extension.swift in Sources */ = {isa = PBXBuildFile; fileRef = AD7F6B47295725FA006C7475 /* UIViewController+Extension.swift */; };
		AD7F6BA0295725FA006C7475 /* String+Extension.swift in Sources */ = {isa = PBXBuildFile; fileRef = AD7F6B48295725FA006C7475 /* String+Extension.swift */; };
		AD7F6BA1295725FA006C7475 /* UISegmentedControl+Extension.swift in Sources */ = {isa = PBXBuildFile; fileRef = AD7F6B49295725FA006C7475 /* UISegmentedControl+Extension.swift */; };
		AD7F6BA2295725FA006C7475 /* UIPageControllerExtension.swift in Sources */ = {isa = PBXBuildFile; fileRef = AD7F6B4A295725FA006C7475 /* UIPageControllerExtension.swift */; };
		AD7F6BA3295725FA006C7475 /* Dictionary+Extension.swift in Sources */ = {isa = PBXBuildFile; fileRef = AD7F6B4B295725FA006C7475 /* Dictionary+Extension.swift */; };
		AD7F6BA4295725FA006C7475 /* Data+Extension.swift in Sources */ = {isa = PBXBuildFile; fileRef = AD7F6B4C295725FA006C7475 /* Data+Extension.swift */; };
		AD7F6BA5295725FA006C7475 /* UIImageExtension.swift in Sources */ = {isa = PBXBuildFile; fileRef = AD7F6B4D295725FA006C7475 /* UIImageExtension.swift */; };
		AD7F6BA6295725FA006C7475 /* CollectionViewExtension.swift in Sources */ = {isa = PBXBuildFile; fileRef = AD7F6B4E295725FA006C7475 /* CollectionViewExtension.swift */; };
		AD7F6BA7295725FA006C7475 /* AppPreferences.swift in Sources */ = {isa = PBXBuildFile; fileRef = AD7F6B4F295725FA006C7475 /* AppPreferences.swift */; };
		AD7F6BA8295725FA006C7475 /* Images.swift in Sources */ = {isa = PBXBuildFile; fileRef = AD7F6B50295725FA006C7475 /* Images.swift */; };
		AD7F6BA9295725FA006C7475 /* Utility.swift in Sources */ = {isa = PBXBuildFile; fileRef = AD7F6B51295725FA006C7475 /* Utility.swift */; };
		AD7F6BAA295725FA006C7475 /* SnackView.swift in Sources */ = {isa = PBXBuildFile; fileRef = AD7F6B52295725FA006C7475 /* SnackView.swift */; };
		AD7F6BAB295725FA006C7475 /* Colors.swift in Sources */ = {isa = PBXBuildFile; fileRef = AD7F6B53295725FA006C7475 /* Colors.swift */; };
		AD7F6BAC295725FA006C7475 /* LocationManager.swift in Sources */ = {isa = PBXBuildFile; fileRef = AD7F6B54295725FA006C7475 /* LocationManager.swift */; };
		AD7F6BAD295725FA006C7475 /* FilePicker.swift in Sources */ = {isa = PBXBuildFile; fileRef = AD7F6B55295725FA006C7475 /* FilePicker.swift */; };
		AD7F6BAE295725FA006C7475 /* Topper.swift in Sources */ = {isa = PBXBuildFile; fileRef = AD7F6B58295725FA006C7475 /* Topper.swift */; };
		AD7F6BAF295725FA006C7475 /* FootballLeague.swift in Sources */ = {isa = PBXBuildFile; fileRef = AD7F6B59295725FA006C7475 /* FootballLeague.swift */; };
		AD7F6BB0295725FA006C7475 /* League.swift in Sources */ = {isa = PBXBuildFile; fileRef = AD7F6B5A295725FA006C7475 /* League.swift */; };
		AD7F6BB1295725FA006C7475 /* LeagueStandingResponse.swift in Sources */ = {isa = PBXBuildFile; fileRef = AD7F6B5F295725FA006C7475 /* LeagueStandingResponse.swift */; };
		AD7F6BB2295725FA006C7475 /* LeagueStandingNew.swift in Sources */ = {isa = PBXBuildFile; fileRef = AD7F6B60295725FA006C7475 /* LeagueStandingNew.swift */; };
		AD7F6BB3295725FA006C7475 /* HalfStandings.swift in Sources */ = {isa = PBXBuildFile; fileRef = AD7F6B61295725FA006C7475 /* HalfStandings.swift */; };
		AD7F6BB4295725FA006C7475 /* AwayStandings.swift in Sources */ = {isa = PBXBuildFile; fileRef = AD7F6B62295725FA006C7475 /* AwayStandings.swift */; };
		AD7F6BB5295725FA006C7475 /* TotalStandings.swift in Sources */ = {isa = PBXBuildFile; fileRef = AD7F6B63295725FA006C7475 /* TotalStandings.swift */; };
		AD7F6BB6295725FA006C7475 /* AwayHalfStandings.swift in Sources */ = {isa = PBXBuildFile; fileRef = AD7F6B64295725FA006C7475 /* AwayHalfStandings.swift */; };
		AD7F6BB7295725FA006C7475 /* LeagueColorInfos.swift in Sources */ = {isa = PBXBuildFile; fileRef = AD7F6B65295725FA006C7475 /* LeagueColorInfos.swift */; };
		AD7F6BB8295725FA006C7475 /* HomeStandings.swift in Sources */ = {isa = PBXBuildFile; fileRef = AD7F6B66295725FA006C7475 /* HomeStandings.swift */; };
		AD7F6BB9295725FA006C7475 /* HomeHalfStandings.swift in Sources */ = {isa = PBXBuildFile; fileRef = AD7F6B67295725FA006C7475 /* HomeHalfStandings.swift */; };
		AD7F6BBA295725FA006C7475 /* LeagueInfo.swift in Sources */ = {isa = PBXBuildFile; fileRef = AD7F6B68295725FA006C7475 /* LeagueInfo.swift */; };
		AD7F6BBB295725FA006C7475 /* TeamInfo.swift in Sources */ = {isa = PBXBuildFile; fileRef = AD7F6B69295725FA006C7475 /* TeamInfo.swift */; };
		AD7F6BBC295725FA006C7475 /* TeamStandingsResponse.swift in Sources */ = {isa = PBXBuildFile; fileRef = AD7F6B6A295725FA006C7475 /* TeamStandingsResponse.swift */; };
		AD7F6BBD295725FA006C7475 /* PlayerStandingsResponse.swift in Sources */ = {isa = PBXBuildFile; fileRef = AD7F6B6C295725FA006C7475 /* PlayerStandingsResponse.swift */; };
		AD7F6BBE295725FA006C7475 /* PlayerStandings.swift in Sources */ = {isa = PBXBuildFile; fileRef = AD7F6B6D295725FA006C7475 /* PlayerStandings.swift */; };
		AD7F6BBF295725FA006C7475 /* Mapping.swift in Sources */ = {isa = PBXBuildFile; fileRef = AD7F6B6F295725FA006C7475 /* Mapping.swift */; };
		AD7F6BC0295725FA006C7475 /* Region.swift in Sources */ = {isa = PBXBuildFile; fileRef = AD7F6B70295725FA006C7475 /* Region.swift */; };
		AD7F6BC1295725FA006C7475 /* UrlDetails.swift in Sources */ = {isa = PBXBuildFile; fileRef = AD7F6B71295725FA006C7475 /* UrlDetails.swift */; };
		AD7F6BC2295725FA006C7475 /* InitField.swift in Sources */ = {isa = PBXBuildFile; fileRef = AD7F6B72295725FA006C7475 /* InitField.swift */; };
		AD7F6BC3295725FA006C7475 /* Prompt.swift in Sources */ = {isa = PBXBuildFile; fileRef = AD7F6B73295725FA006C7475 /* Prompt.swift */; };
		AD7F6BC4295725FA006C7475 /* Banner.swift in Sources */ = {isa = PBXBuildFile; fileRef = AD7F6B74295725FA006C7475 /* Banner.swift */; };
		AD7F6BC5295725FA006C7475 /* LeagueStanding.swift in Sources */ = {isa = PBXBuildFile; fileRef = AD7F6B76295725FA006C7475 /* LeagueStanding.swift */; };
		AD7F6BC6295725FA006C7475 /* LeagueStandingList.swift in Sources */ = {isa = PBXBuildFile; fileRef = AD7F6B77295725FA006C7475 /* LeagueStandingList.swift */; };
		AD7F6BC7295725FA006C7475 /* LeagueResponse.swift in Sources */ = {isa = PBXBuildFile; fileRef = AD7F6B78295725FA006C7475 /* LeagueResponse.swift */; };
		AD7F6BC8295725FA006C7475 /* Score.swift in Sources */ = {isa = PBXBuildFile; fileRef = AD7F6B79295725FA006C7475 /* Score.swift */; };
		AD7F6BC9295725FA006C7475 /* GroupScore.swift in Sources */ = {isa = PBXBuildFile; fileRef = AD7F6B7A295725FA006C7475 /* GroupScore.swift */; };
		AD7F6BCA295725FA006C7475 /* LeaguePlayercount.swift in Sources */ = {isa = PBXBuildFile; fileRef = AD7F6B7B295725FA006C7475 /* LeaguePlayercount.swift */; };
		AD7F6BCB295725FA006C7475 /* LeagueData02.swift in Sources */ = {isa = PBXBuildFile; fileRef = AD7F6B7C295725FA006C7475 /* LeagueData02.swift */; };
		AD7F6BCC295725FA006C7475 /* LeagueData04.swift in Sources */ = {isa = PBXBuildFile; fileRef = AD7F6B7D295725FA006C7475 /* LeagueData04.swift */; };
		AD7F6BCD295725FA006C7475 /* ScoreItems.swift in Sources */ = {isa = PBXBuildFile; fileRef = AD7F6B7E295725FA006C7475 /* ScoreItems.swift */; };
		AD7F6BCE295725FA006C7475 /* LeagueData01.swift in Sources */ = {isa = PBXBuildFile; fileRef = AD7F6B7F295725FA006C7475 /* LeagueData01.swift */; };
		AD7F6BCF295725FA006C7475 /* TeamPlayerTransferData.swift in Sources */ = {isa = PBXBuildFile; fileRef = AD7F6B81295725FA006C7475 /* TeamPlayerTransferData.swift */; };
		AD7F6BD0295725FA006C7475 /* TeamDetailsResponse.swift in Sources */ = {isa = PBXBuildFile; fileRef = AD7F6B82295725FA006C7475 /* TeamDetailsResponse.swift */; };
		AD7F6BD1295725FA006C7475 /* TeamInfoData.swift in Sources */ = {isa = PBXBuildFile; fileRef = AD7F6B83295725FA006C7475 /* TeamInfoData.swift */; };
		AD7F6BD2295725FA006C7475 /* TeamPlayerData.swift in Sources */ = {isa = PBXBuildFile; fileRef = AD7F6B84295725FA006C7475 /* TeamPlayerData.swift */; };
		AD7F6BD629572622006C7475 /* LeaguesViewController.swift in Sources */ = {isa = PBXBuildFile; fileRef = AD7F6BD529572622006C7475 /* LeaguesViewController.swift */; };
		AD7F6BE12957263D006C7475 /* LanguageViewController.swift in Sources */ = {isa = PBXBuildFile; fileRef = AD7F6BD82957263D006C7475 /* LanguageViewController.swift */; };
		AD7F6BE22957263D006C7475 /* SettingsViewController.swift in Sources */ = {isa = PBXBuildFile; fileRef = AD7F6BD92957263D006C7475 /* SettingsViewController.swift */; };
		AD7F6BE32957263D006C7475 /* ProfileViewController.swift in Sources */ = {isa = PBXBuildFile; fileRef = AD7F6BDB2957263D006C7475 /* ProfileViewController.swift */; };
		AD7F6BE42957263D006C7475 /* ProfileViewModel.swift in Sources */ = {isa = PBXBuildFile; fileRef = AD7F6BDC2957263D006C7475 /* ProfileViewModel.swift */; };
		AD7F6BE52957263D006C7475 /* LaunchesViewController.swift in Sources */ = {isa = PBXBuildFile; fileRef = AD7F6BDE2957263D006C7475 /* LaunchesViewController.swift */; };
		AD7F6BE62957263D006C7475 /* WebViewViewController.swift in Sources */ = {isa = PBXBuildFile; fileRef = AD7F6BE02957263D006C7475 /* WebViewViewController.swift */; };
		AD7F6BF529572C8F006C7475 /* PlayerTableViewCell.xib in Resources */ = {isa = PBXBuildFile; fileRef = AD7F6BEA29572C8F006C7475 /* PlayerTableViewCell.xib */; };
		AD7F6BF629572C8F006C7475 /* PlayerTableViewCell.swift in Sources */ = {isa = PBXBuildFile; fileRef = AD7F6BEB29572C8F006C7475 /* PlayerTableViewCell.swift */; };
		AD7F6BF729572C8F006C7475 /* LanguageTableViewCell.swift in Sources */ = {isa = PBXBuildFile; fileRef = AD7F6BED29572C8F006C7475 /* LanguageTableViewCell.swift */; };
		AD7F6BF829572C8F006C7475 /* LanguageTableViewCell.xib in Resources */ = {isa = PBXBuildFile; fileRef = AD7F6BEE29572C8F006C7475 /* LanguageTableViewCell.xib */; };
		AD7F6BF929572C8F006C7475 /* SideMenuTableViewCell.swift in Sources */ = {isa = PBXBuildFile; fileRef = AD7F6BF029572C8F006C7475 /* SideMenuTableViewCell.swift */; };
		AD7F6BFA29572C8F006C7475 /* SideMenuTableViewCell.xib in Resources */ = {isa = PBXBuildFile; fileRef = AD7F6BF129572C8F006C7475 /* SideMenuTableViewCell.xib */; };
		AD7F6BFB29572C8F006C7475 /* ProfileHeaderTableViewCell.swift in Sources */ = {isa = PBXBuildFile; fileRef = AD7F6BF329572C8F006C7475 /* ProfileHeaderTableViewCell.swift */; };
		AD7F6BFC29572C8F006C7475 /* ProfileHeaderTableViewCell.xib in Resources */ = {isa = PBXBuildFile; fileRef = AD7F6BF429572C8F006C7475 /* ProfileHeaderTableViewCell.xib */; };
		AD7F6C0029572C9F006C7475 /* LeagueTableViewCell.swift in Sources */ = {isa = PBXBuildFile; fileRef = AD7F6BFE29572C9F006C7475 /* LeagueTableViewCell.swift */; };
		AD7F6C0129572C9F006C7475 /* LeagueTableViewCell.xib in Resources */ = {isa = PBXBuildFile; fileRef = AD7F6BFF29572C9F006C7475 /* LeagueTableViewCell.xib */; };
		AD7F6C03295731CF006C7475 /* Colors.xcassets in Resources */ = {isa = PBXBuildFile; fileRef = AD7F6C02295731CF006C7475 /* Colors.xcassets */; };
		AD7F6C0929573832006C7475 /* Rubik-Medium.ttf in Resources */ = {isa = PBXBuildFile; fileRef = AD7F6C0529573832006C7475 /* Rubik-Medium.ttf */; };
		AD7F6C0A29573832006C7475 /* Rubik-Bold.ttf in Resources */ = {isa = PBXBuildFile; fileRef = AD7F6C0629573832006C7475 /* Rubik-Bold.ttf */; };
		AD7F6C0B29573832006C7475 /* Rubik-SemiBold.ttf in Resources */ = {isa = PBXBuildFile; fileRef = AD7F6C0729573832006C7475 /* Rubik-SemiBold.ttf */; };
		AD7F6C0C29573832006C7475 /* Rubik-Regular.ttf in Resources */ = {isa = PBXBuildFile; fileRef = AD7F6C0829573832006C7475 /* Rubik-Regular.ttf */; };
		AD9A43F6295B21F30050E15C /* Localizable.strings in Resources */ = {isa = PBXBuildFile; fileRef = AD9A43F8295B21F30050E15C /* Localizable.strings */; };
/* End PBXBuildFile section */

/* Begin PBXContainerItemProxy section */
		AD7F6B0429570FDD006C7475 /* PBXContainerItemProxy */ = {
			isa = PBXContainerItemProxy;
			containerPortal = AD7F6AE229570FDC006C7475 /* Project object */;
			proxyType = 1;
			remoteGlobalIDString = AD7F6AE929570FDC006C7475;
			remoteInfo = "Excellence Sports";
		};
		AD7F6B0E29570FDD006C7475 /* PBXContainerItemProxy */ = {
			isa = PBXContainerItemProxy;
			containerPortal = AD7F6AE229570FDC006C7475 /* Project object */;
			proxyType = 1;
			remoteGlobalIDString = AD7F6AE929570FDC006C7475;
			remoteInfo = "Excellence Sports";
		};
/* End PBXContainerItemProxy section */

/* Begin PBXFileReference section */
		0C73F6A06E809962805C9C1C /* Pods_Excellence_Sports.framework */ = {isa = PBXFileReference; explicitFileType = wrapper.framework; includeInIndex = 0; path = Pods_Excellence_Sports.framework; sourceTree = BUILT_PRODUCTS_DIR; };
		3ABEBE462B4E1C18D91E453B /* Pods-Excellence Sports.release.xcconfig */ = {isa = PBXFileReference; includeInIndex = 1; lastKnownFileType = text.xcconfig; name = "Pods-Excellence Sports.release.xcconfig"; path = "Target Support Files/Pods-Excellence Sports/Pods-Excellence Sports.release.xcconfig"; sourceTree = "<group>"; };
		732524EFE511C9926C25FD4D /* Pods-Excellence Sports-Excellence SportsUITests.debug.xcconfig */ = {isa = PBXFileReference; includeInIndex = 1; lastKnownFileType = text.xcconfig; name = "Pods-Excellence Sports-Excellence SportsUITests.debug.xcconfig"; path = "Target Support Files/Pods-Excellence Sports-Excellence SportsUITests/Pods-Excellence Sports-Excellence SportsUITests.debug.xcconfig"; sourceTree = "<group>"; };
		893829AD10E3E0174AEBB848 /* Pods-Excellence SportsTests.release.xcconfig */ = {isa = PBXFileReference; includeInIndex = 1; lastKnownFileType = text.xcconfig; name = "Pods-Excellence SportsTests.release.xcconfig"; path = "Target Support Files/Pods-Excellence SportsTests/Pods-Excellence SportsTests.release.xcconfig"; sourceTree = "<group>"; };
		A2E35AD2524B3F99C6470421 /* Pods-Excellence Sports.debug.xcconfig */ = {isa = PBXFileReference; includeInIndex = 1; lastKnownFileType = text.xcconfig; name = "Pods-Excellence Sports.debug.xcconfig"; path = "Target Support Files/Pods-Excellence Sports/Pods-Excellence Sports.debug.xcconfig"; sourceTree = "<group>"; };
		A3131679ECAC729ECDC8ADF3 /* Pods-Excellence Sports-Excellence SportsUITests.release.xcconfig */ = {isa = PBXFileReference; includeInIndex = 1; lastKnownFileType = text.xcconfig; name = "Pods-Excellence Sports-Excellence SportsUITests.release.xcconfig"; path = "Target Support Files/Pods-Excellence Sports-Excellence SportsUITests/Pods-Excellence Sports-Excellence SportsUITests.release.xcconfig"; sourceTree = "<group>"; };
		AD2367D3295F1428008CD760 /* en */ = {isa = PBXFileReference; lastKnownFileType = text.plist.strings; name = en; path = en.lproj/InfoPlist.strings; sourceTree = "<group>"; };
		AD2367D5295F142B008CD760 /* zh-Hans */ = {isa = PBXFileReference; lastKnownFileType = text.plist.strings; name = "zh-Hans"; path = "zh-Hans.lproj/InfoPlist.strings"; sourceTree = "<group>"; };
		AD2CAF582959B2A700010B25 /* LeagueDetailsViewController.swift */ = {isa = PBXFileReference; lastKnownFileType = sourcecode.swift; path = LeagueDetailsViewController.swift; sourceTree = "<group>"; };
		AD2CAF5A2959B2D800010B25 /* LeagueDetailsViewModel.swift */ = {isa = PBXFileReference; lastKnownFileType = sourcecode.swift; path = LeagueDetailsViewModel.swift; sourceTree = "<group>"; };
		AD5777022959DF5200850043 /* LeagueDetailsTableViewCell.swift */ = {isa = PBXFileReference; fileEncoding = 4; lastKnownFileType = sourcecode.swift; path = LeagueDetailsTableViewCell.swift; sourceTree = "<group>"; };
		AD5777032959DF5200850043 /* LeagueDetailsTableViewCell.xib */ = {isa = PBXFileReference; fileEncoding = 4; lastKnownFileType = file.xib; path = LeagueDetailsTableViewCell.xib; sourceTree = "<group>"; };
		AD7B5C54295C306C00AB55A2 /* loader.json */ = {isa = PBXFileReference; fileEncoding = 4; lastKnownFileType = text.json; path = loader.json; sourceTree = "<group>"; };
		AD7F6AEA29570FDC006C7475 /* Excellence Sports.app */ = {isa = PBXFileReference; explicitFileType = wrapper.application; includeInIndex = 0; path = "Excellence Sports.app"; sourceTree = BUILT_PRODUCTS_DIR; };
		AD7F6AED29570FDC006C7475 /* AppDelegate.swift */ = {isa = PBXFileReference; lastKnownFileType = sourcecode.swift; path = AppDelegate.swift; sourceTree = "<group>"; };
		AD7F6AF429570FDC006C7475 /* Base */ = {isa = PBXFileReference; lastKnownFileType = file.storyboard; name = Base; path = Base.lproj/Main.storyboard; sourceTree = "<group>"; };
		AD7F6AF729570FDC006C7475 /* Excellence_Sports.xcdatamodel */ = {isa = PBXFileReference; lastKnownFileType = wrapper.xcdatamodel; path = Excellence_Sports.xcdatamodel; sourceTree = "<group>"; };
		AD7F6AF929570FDD006C7475 /* Assets.xcassets */ = {isa = PBXFileReference; lastKnownFileType = folder.assetcatalog; path = Assets.xcassets; sourceTree = "<group>"; };
		AD7F6AFC29570FDD006C7475 /* Base */ = {isa = PBXFileReference; lastKnownFileType = file.storyboard; name = Base; path = Base.lproj/LaunchScreen.storyboard; sourceTree = "<group>"; };
		AD7F6AFE29570FDD006C7475 /* Info.plist */ = {isa = PBXFileReference; lastKnownFileType = text.plist.xml; path = Info.plist; sourceTree = "<group>"; };
		AD7F6B0329570FDD006C7475 /* Excellence SportsTests.xctest */ = {isa = PBXFileReference; explicitFileType = wrapper.cfbundle; includeInIndex = 0; path = "Excellence SportsTests.xctest"; sourceTree = BUILT_PRODUCTS_DIR; };
		AD7F6B0729570FDD006C7475 /* Excellence_SportsTests.swift */ = {isa = PBXFileReference; lastKnownFileType = sourcecode.swift; path = Excellence_SportsTests.swift; sourceTree = "<group>"; };
		AD7F6B0D29570FDD006C7475 /* Excellence SportsUITests.xctest */ = {isa = PBXFileReference; explicitFileType = wrapper.cfbundle; includeInIndex = 0; path = "Excellence SportsUITests.xctest"; sourceTree = BUILT_PRODUCTS_DIR; };
		AD7F6B1129570FDD006C7475 /* Excellence_SportsUITests.swift */ = {isa = PBXFileReference; lastKnownFileType = sourcecode.swift; path = Excellence_SportsUITests.swift; sourceTree = "<group>"; };
		AD7F6B1329570FDD006C7475 /* Excellence_SportsUITestsLaunchTests.swift */ = {isa = PBXFileReference; lastKnownFileType = sourcecode.swift; path = Excellence_SportsUITestsLaunchTests.swift; sourceTree = "<group>"; };
		AD7F6B22295725FA006C7475 /* ar */ = {isa = PBXFileReference; lastKnownFileType = text.plist.strings; name = ar; path = ar.lproj/Dialogs.strings; sourceTree = "<group>"; };
		AD7F6B23295725FA006C7475 /* zh-Hans */ = {isa = PBXFileReference; lastKnownFileType = text.plist.strings; name = "zh-Hans"; path = "zh-Hans.lproj/Dialogs.strings"; sourceTree = "<group>"; };
		AD7F6B24295725FA006C7475 /* en */ = {isa = PBXFileReference; lastKnownFileType = text.plist.strings; name = en; path = en.lproj/Dialogs.strings; sourceTree = "<group>"; };
		AD7F6B25295725FA006C7475 /* MatchOptionsViewController.swift */ = {isa = PBXFileReference; fileEncoding = 4; lastKnownFileType = sourcecode.swift; path = MatchOptionsViewController.swift; sourceTree = "<group>"; };
		AD7F6B27295725FA006C7475 /* Base */ = {isa = PBXFileReference; lastKnownFileType = file.storyboard; name = Base; path = Base.lproj/Dialogs.storyboard; sourceTree = "<group>"; };
		AD7F6B28295725FA006C7475 /* SuccessfullDialog.swift */ = {isa = PBXFileReference; fileEncoding = 4; lastKnownFileType = sourcecode.swift; path = SuccessfullDialog.swift; sourceTree = "<group>"; };
		AD7F6B29295725FA006C7475 /* ConfirmationViewController.swift */ = {isa = PBXFileReference; fileEncoding = 4; lastKnownFileType = sourcecode.swift; path = ConfirmationViewController.swift; sourceTree = "<group>"; };
		AD7F6B2A295725FA006C7475 /* vi */ = {isa = PBXFileReference; lastKnownFileType = text.plist.strings; name = vi; path = vi.lproj/Dialogs.strings; sourceTree = "<group>"; };
		AD7F6B2B295725FA006C7475 /* id */ = {isa = PBXFileReference; lastKnownFileType = text.plist.strings; name = id; path = id.lproj/Dialogs.strings; sourceTree = "<group>"; };
		AD7F6B2C295725FA006C7475 /* th */ = {isa = PBXFileReference; lastKnownFileType = text.plist.strings; name = th; path = th.lproj/Dialogs.strings; sourceTree = "<group>"; };
		AD7F6B2D295725FA006C7475 /* Dialog.swift */ = {isa = PBXFileReference; fileEncoding = 4; lastKnownFileType = sourcecode.swift; path = Dialog.swift; sourceTree = "<group>"; };
		AD7F6B2F295725FA006C7475 /* EndPoints.swift */ = {isa = PBXFileReference; fileEncoding = 4; lastKnownFileType = sourcecode.swift; path = EndPoints.swift; sourceTree = "<group>"; };
		AD7F6B30295725FA006C7475 /* UploadFile.swift */ = {isa = PBXFileReference; fileEncoding = 4; lastKnownFileType = sourcecode.swift; path = UploadFile.swift; sourceTree = "<group>"; };
		AD7F6B31295725FA006C7475 /* Environment.swift */ = {isa = PBXFileReference; fileEncoding = 4; lastKnownFileType = sourcecode.swift; path = Environment.swift; sourceTree = "<group>"; };
		AD7F6B32295725FA006C7475 /* BaseUrl.swift */ = {isa = PBXFileReference; fileEncoding = 4; lastKnownFileType = sourcecode.swift; path = BaseUrl.swift; sourceTree = "<group>"; };
		AD7F6B33295725FA006C7475 /* WebService.swift */ = {isa = PBXFileReference; fileEncoding = 4; lastKnownFileType = sourcecode.swift; path = WebService.swift; sourceTree = "<group>"; };
		AD7F6B35295725FA006C7475 /* HomeAPI.swift */ = {isa = PBXFileReference; fileEncoding = 4; lastKnownFileType = sourcecode.swift; path = HomeAPI.swift; sourceTree = "<group>"; };
		AD7F6B37295725FA006C7475 /* Constants.swift */ = {isa = PBXFileReference; fileEncoding = 4; lastKnownFileType = sourcecode.swift; path = Constants.swift; sourceTree = "<group>"; };
		AD7F6B39295725FA006C7475 /* RoundShadowView.swift */ = {isa = PBXFileReference; fileEncoding = 4; lastKnownFileType = sourcecode.swift; path = RoundShadowView.swift; sourceTree = "<group>"; };
		AD7F6B3A295725FA006C7475 /* BaseViewController.swift */ = {isa = PBXFileReference; fileEncoding = 4; lastKnownFileType = sourcecode.swift; path = BaseViewController.swift; sourceTree = "<group>"; };
		AD7F6B3B295725FA006C7475 /* RoundView.swift */ = {isa = PBXFileReference; fileEncoding = 4; lastKnownFileType = sourcecode.swift; path = RoundView.swift; sourceTree = "<group>"; };
		AD7F6B3C295725FA006C7475 /* MainTabBarController.swift */ = {isa = PBXFileReference; fileEncoding = 4; lastKnownFileType = sourcecode.swift; path = MainTabBarController.swift; sourceTree = "<group>"; };
		AD7F6B3D295725FA006C7475 /* CustomTabBar.swift */ = {isa = PBXFileReference; fileEncoding = 4; lastKnownFileType = sourcecode.swift; path = CustomTabBar.swift; sourceTree = "<group>"; };
		AD7F6B3E295725FA006C7475 /* RoundedCornerImage.swift */ = {isa = PBXFileReference; fileEncoding = 4; lastKnownFileType = sourcecode.swift; path = RoundedCornerImage.swift; sourceTree = "<group>"; };
		AD7F6B40295725FA006C7475 /* UIApplication+Extension.swift */ = {isa = PBXFileReference; fileEncoding = 4; lastKnownFileType = sourcecode.swift; path = "UIApplication+Extension.swift"; sourceTree = "<group>"; };
		AD7F6B41295725FA006C7475 /* UIImageView+Extension.swift */ = {isa = PBXFileReference; fileEncoding = 4; lastKnownFileType = sourcecode.swift; path = "UIImageView+Extension.swift"; sourceTree = "<group>"; };
		AD7F6B42295725FA006C7475 /* UIColor+Extension.swift */ = {isa = PBXFileReference; fileEncoding = 4; lastKnownFileType = sourcecode.swift; path = "UIColor+Extension.swift"; sourceTree = "<group>"; };
		AD7F6B43295725FA006C7475 /* Date+Extension.swift */ = {isa = PBXFileReference; fileEncoding = 4; lastKnownFileType = sourcecode.swift; path = "Date+Extension.swift"; sourceTree = "<group>"; };
		AD7F6B44295725FA006C7475 /* UIView+Extension.swift */ = {isa = PBXFileReference; fileEncoding = 4; lastKnownFileType = sourcecode.swift; path = "UIView+Extension.swift"; sourceTree = "<group>"; };
		AD7F6B45295725FA006C7475 /* UINavigationController+Extension.swift */ = {isa = PBXFileReference; fileEncoding = 4; lastKnownFileType = sourcecode.swift; path = "UINavigationController+Extension.swift"; sourceTree = "<group>"; };
		AD7F6B46295725FA006C7475 /* URL+Extension.swift */ = {isa = PBXFileReference; fileEncoding = 4; lastKnownFileType = sourcecode.swift; path = "URL+Extension.swift"; sourceTree = "<group>"; };
		AD7F6B47295725FA006C7475 /* UIViewController+Extension.swift */ = {isa = PBXFileReference; fileEncoding = 4; lastKnownFileType = sourcecode.swift; path = "UIViewController+Extension.swift"; sourceTree = "<group>"; };
		AD7F6B48295725FA006C7475 /* String+Extension.swift */ = {isa = PBXFileReference; fileEncoding = 4; lastKnownFileType = sourcecode.swift; path = "String+Extension.swift"; sourceTree = "<group>"; };
		AD7F6B49295725FA006C7475 /* UISegmentedControl+Extension.swift */ = {isa = PBXFileReference; fileEncoding = 4; lastKnownFileType = sourcecode.swift; path = "UISegmentedControl+Extension.swift"; sourceTree = "<group>"; };
		AD7F6B4A295725FA006C7475 /* UIPageControllerExtension.swift */ = {isa = PBXFileReference; fileEncoding = 4; lastKnownFileType = sourcecode.swift; path = UIPageControllerExtension.swift; sourceTree = "<group>"; };
		AD7F6B4B295725FA006C7475 /* Dictionary+Extension.swift */ = {isa = PBXFileReference; fileEncoding = 4; lastKnownFileType = sourcecode.swift; path = "Dictionary+Extension.swift"; sourceTree = "<group>"; };
		AD7F6B4C295725FA006C7475 /* Data+Extension.swift */ = {isa = PBXFileReference; fileEncoding = 4; lastKnownFileType = sourcecode.swift; path = "Data+Extension.swift"; sourceTree = "<group>"; };
		AD7F6B4D295725FA006C7475 /* UIImageExtension.swift */ = {isa = PBXFileReference; fileEncoding = 4; lastKnownFileType = sourcecode.swift; path = UIImageExtension.swift; sourceTree = "<group>"; };
		AD7F6B4E295725FA006C7475 /* CollectionViewExtension.swift */ = {isa = PBXFileReference; fileEncoding = 4; lastKnownFileType = sourcecode.swift; path = CollectionViewExtension.swift; sourceTree = "<group>"; };
		AD7F6B4F295725FA006C7475 /* AppPreferences.swift */ = {isa = PBXFileReference; fileEncoding = 4; lastKnownFileType = sourcecode.swift; path = AppPreferences.swift; sourceTree = "<group>"; };
		AD7F6B50295725FA006C7475 /* Images.swift */ = {isa = PBXFileReference; fileEncoding = 4; lastKnownFileType = sourcecode.swift; path = Images.swift; sourceTree = "<group>"; };
		AD7F6B51295725FA006C7475 /* Utility.swift */ = {isa = PBXFileReference; fileEncoding = 4; lastKnownFileType = sourcecode.swift; path = Utility.swift; sourceTree = "<group>"; };
		AD7F6B52295725FA006C7475 /* SnackView.swift */ = {isa = PBXFileReference; fileEncoding = 4; lastKnownFileType = sourcecode.swift; path = SnackView.swift; sourceTree = "<group>"; };
		AD7F6B53295725FA006C7475 /* Colors.swift */ = {isa = PBXFileReference; fileEncoding = 4; lastKnownFileType = sourcecode.swift; path = Colors.swift; sourceTree = "<group>"; };
		AD7F6B54295725FA006C7475 /* LocationManager.swift */ = {isa = PBXFileReference; fileEncoding = 4; lastKnownFileType = sourcecode.swift; path = LocationManager.swift; sourceTree = "<group>"; };
		AD7F6B55295725FA006C7475 /* FilePicker.swift */ = {isa = PBXFileReference; fileEncoding = 4; lastKnownFileType = sourcecode.swift; path = FilePicker.swift; sourceTree = "<group>"; };
		AD7F6B58295725FA006C7475 /* Topper.swift */ = {isa = PBXFileReference; fileEncoding = 4; lastKnownFileType = sourcecode.swift; path = Topper.swift; sourceTree = "<group>"; };
		AD7F6B59295725FA006C7475 /* FootballLeague.swift */ = {isa = PBXFileReference; fileEncoding = 4; lastKnownFileType = sourcecode.swift; path = FootballLeague.swift; sourceTree = "<group>"; };
		AD7F6B5A295725FA006C7475 /* League.swift */ = {isa = PBXFileReference; fileEncoding = 4; lastKnownFileType = sourcecode.swift; path = League.swift; sourceTree = "<group>"; };
		AD7F6B5F295725FA006C7475 /* LeagueStandingResponse.swift */ = {isa = PBXFileReference; fileEncoding = 4; lastKnownFileType = sourcecode.swift; path = LeagueStandingResponse.swift; sourceTree = "<group>"; };
		AD7F6B60295725FA006C7475 /* LeagueStandingNew.swift */ = {isa = PBXFileReference; fileEncoding = 4; lastKnownFileType = sourcecode.swift; path = LeagueStandingNew.swift; sourceTree = "<group>"; };
		AD7F6B61295725FA006C7475 /* HalfStandings.swift */ = {isa = PBXFileReference; fileEncoding = 4; lastKnownFileType = sourcecode.swift; path = HalfStandings.swift; sourceTree = "<group>"; };
		AD7F6B62295725FA006C7475 /* AwayStandings.swift */ = {isa = PBXFileReference; fileEncoding = 4; lastKnownFileType = sourcecode.swift; path = AwayStandings.swift; sourceTree = "<group>"; };
		AD7F6B63295725FA006C7475 /* TotalStandings.swift */ = {isa = PBXFileReference; fileEncoding = 4; lastKnownFileType = sourcecode.swift; path = TotalStandings.swift; sourceTree = "<group>"; };
		AD7F6B64295725FA006C7475 /* AwayHalfStandings.swift */ = {isa = PBXFileReference; fileEncoding = 4; lastKnownFileType = sourcecode.swift; path = AwayHalfStandings.swift; sourceTree = "<group>"; };
		AD7F6B65295725FA006C7475 /* LeagueColorInfos.swift */ = {isa = PBXFileReference; fileEncoding = 4; lastKnownFileType = sourcecode.swift; path = LeagueColorInfos.swift; sourceTree = "<group>"; };
		AD7F6B66295725FA006C7475 /* HomeStandings.swift */ = {isa = PBXFileReference; fileEncoding = 4; lastKnownFileType = sourcecode.swift; path = HomeStandings.swift; sourceTree = "<group>"; };
		AD7F6B67295725FA006C7475 /* HomeHalfStandings.swift */ = {isa = PBXFileReference; fileEncoding = 4; lastKnownFileType = sourcecode.swift; path = HomeHalfStandings.swift; sourceTree = "<group>"; };
		AD7F6B68295725FA006C7475 /* LeagueInfo.swift */ = {isa = PBXFileReference; fileEncoding = 4; lastKnownFileType = sourcecode.swift; path = LeagueInfo.swift; sourceTree = "<group>"; };
		AD7F6B69295725FA006C7475 /* TeamInfo.swift */ = {isa = PBXFileReference; fileEncoding = 4; lastKnownFileType = sourcecode.swift; path = TeamInfo.swift; sourceTree = "<group>"; };
		AD7F6B6A295725FA006C7475 /* TeamStandingsResponse.swift */ = {isa = PBXFileReference; fileEncoding = 4; lastKnownFileType = sourcecode.swift; path = TeamStandingsResponse.swift; sourceTree = "<group>"; };
		AD7F6B6C295725FA006C7475 /* PlayerStandingsResponse.swift */ = {isa = PBXFileReference; fileEncoding = 4; lastKnownFileType = sourcecode.swift; path = PlayerStandingsResponse.swift; sourceTree = "<group>"; };
		AD7F6B6D295725FA006C7475 /* PlayerStandings.swift */ = {isa = PBXFileReference; fileEncoding = 4; lastKnownFileType = sourcecode.swift; path = PlayerStandings.swift; sourceTree = "<group>"; };
		AD7F6B6F295725FA006C7475 /* Mapping.swift */ = {isa = PBXFileReference; fileEncoding = 4; lastKnownFileType = sourcecode.swift; path = Mapping.swift; sourceTree = "<group>"; };
		AD7F6B70295725FA006C7475 /* Region.swift */ = {isa = PBXFileReference; fileEncoding = 4; lastKnownFileType = sourcecode.swift; path = Region.swift; sourceTree = "<group>"; };
		AD7F6B71295725FA006C7475 /* UrlDetails.swift */ = {isa = PBXFileReference; fileEncoding = 4; lastKnownFileType = sourcecode.swift; path = UrlDetails.swift; sourceTree = "<group>"; };
		AD7F6B72295725FA006C7475 /* InitField.swift */ = {isa = PBXFileReference; fileEncoding = 4; lastKnownFileType = sourcecode.swift; path = InitField.swift; sourceTree = "<group>"; };
		AD7F6B73295725FA006C7475 /* Prompt.swift */ = {isa = PBXFileReference; fileEncoding = 4; lastKnownFileType = sourcecode.swift; path = Prompt.swift; sourceTree = "<group>"; };
		AD7F6B74295725FA006C7475 /* Banner.swift */ = {isa = PBXFileReference; fileEncoding = 4; lastKnownFileType = sourcecode.swift; path = Banner.swift; sourceTree = "<group>"; };
		AD7F6B76295725FA006C7475 /* LeagueStanding.swift */ = {isa = PBXFileReference; fileEncoding = 4; lastKnownFileType = sourcecode.swift; path = LeagueStanding.swift; sourceTree = "<group>"; };
		AD7F6B77295725FA006C7475 /* LeagueStandingList.swift */ = {isa = PBXFileReference; fileEncoding = 4; lastKnownFileType = sourcecode.swift; path = LeagueStandingList.swift; sourceTree = "<group>"; };
		AD7F6B78295725FA006C7475 /* LeagueResponse.swift */ = {isa = PBXFileReference; fileEncoding = 4; lastKnownFileType = sourcecode.swift; path = LeagueResponse.swift; sourceTree = "<group>"; };
		AD7F6B79295725FA006C7475 /* Score.swift */ = {isa = PBXFileReference; fileEncoding = 4; lastKnownFileType = sourcecode.swift; path = Score.swift; sourceTree = "<group>"; };
		AD7F6B7A295725FA006C7475 /* GroupScore.swift */ = {isa = PBXFileReference; fileEncoding = 4; lastKnownFileType = sourcecode.swift; path = GroupScore.swift; sourceTree = "<group>"; };
		AD7F6B7B295725FA006C7475 /* LeaguePlayercount.swift */ = {isa = PBXFileReference; fileEncoding = 4; lastKnownFileType = sourcecode.swift; path = LeaguePlayercount.swift; sourceTree = "<group>"; };
		AD7F6B7C295725FA006C7475 /* LeagueData02.swift */ = {isa = PBXFileReference; fileEncoding = 4; lastKnownFileType = sourcecode.swift; path = LeagueData02.swift; sourceTree = "<group>"; };
		AD7F6B7D295725FA006C7475 /* LeagueData04.swift */ = {isa = PBXFileReference; fileEncoding = 4; lastKnownFileType = sourcecode.swift; path = LeagueData04.swift; sourceTree = "<group>"; };
		AD7F6B7E295725FA006C7475 /* ScoreItems.swift */ = {isa = PBXFileReference; fileEncoding = 4; lastKnownFileType = sourcecode.swift; path = ScoreItems.swift; sourceTree = "<group>"; };
		AD7F6B7F295725FA006C7475 /* LeagueData01.swift */ = {isa = PBXFileReference; fileEncoding = 4; lastKnownFileType = sourcecode.swift; path = LeagueData01.swift; sourceTree = "<group>"; };
		AD7F6B81295725FA006C7475 /* TeamPlayerTransferData.swift */ = {isa = PBXFileReference; fileEncoding = 4; lastKnownFileType = sourcecode.swift; path = TeamPlayerTransferData.swift; sourceTree = "<group>"; };
		AD7F6B82295725FA006C7475 /* TeamDetailsResponse.swift */ = {isa = PBXFileReference; fileEncoding = 4; lastKnownFileType = sourcecode.swift; path = TeamDetailsResponse.swift; sourceTree = "<group>"; };
		AD7F6B83295725FA006C7475 /* TeamInfoData.swift */ = {isa = PBXFileReference; fileEncoding = 4; lastKnownFileType = sourcecode.swift; path = TeamInfoData.swift; sourceTree = "<group>"; };
		AD7F6B84295725FA006C7475 /* TeamPlayerData.swift */ = {isa = PBXFileReference; fileEncoding = 4; lastKnownFileType = sourcecode.swift; path = TeamPlayerData.swift; sourceTree = "<group>"; };
		AD7F6BD529572622006C7475 /* LeaguesViewController.swift */ = {isa = PBXFileReference; fileEncoding = 4; lastKnownFileType = sourcecode.swift; path = LeaguesViewController.swift; sourceTree = "<group>"; };
		AD7F6BD82957263D006C7475 /* LanguageViewController.swift */ = {isa = PBXFileReference; fileEncoding = 4; lastKnownFileType = sourcecode.swift; path = LanguageViewController.swift; sourceTree = "<group>"; };
		AD7F6BD92957263D006C7475 /* SettingsViewController.swift */ = {isa = PBXFileReference; fileEncoding = 4; lastKnownFileType = sourcecode.swift; path = SettingsViewController.swift; sourceTree = "<group>"; };
		AD7F6BDB2957263D006C7475 /* ProfileViewController.swift */ = {isa = PBXFileReference; fileEncoding = 4; lastKnownFileType = sourcecode.swift; path = ProfileViewController.swift; sourceTree = "<group>"; };
		AD7F6BDC2957263D006C7475 /* ProfileViewModel.swift */ = {isa = PBXFileReference; fileEncoding = 4; lastKnownFileType = sourcecode.swift; path = ProfileViewModel.swift; sourceTree = "<group>"; };
		AD7F6BDE2957263D006C7475 /* LaunchesViewController.swift */ = {isa = PBXFileReference; fileEncoding = 4; lastKnownFileType = sourcecode.swift; path = LaunchesViewController.swift; sourceTree = "<group>"; };
		AD7F6BE02957263D006C7475 /* WebViewViewController.swift */ = {isa = PBXFileReference; fileEncoding = 4; lastKnownFileType = sourcecode.swift; path = WebViewViewController.swift; sourceTree = "<group>"; };
		AD7F6BEA29572C8F006C7475 /* PlayerTableViewCell.xib */ = {isa = PBXFileReference; fileEncoding = 4; lastKnownFileType = file.xib; path = PlayerTableViewCell.xib; sourceTree = "<group>"; };
		AD7F6BEB29572C8F006C7475 /* PlayerTableViewCell.swift */ = {isa = PBXFileReference; fileEncoding = 4; lastKnownFileType = sourcecode.swift; path = PlayerTableViewCell.swift; sourceTree = "<group>"; };
		AD7F6BED29572C8F006C7475 /* LanguageTableViewCell.swift */ = {isa = PBXFileReference; fileEncoding = 4; lastKnownFileType = sourcecode.swift; path = LanguageTableViewCell.swift; sourceTree = "<group>"; };
		AD7F6BEE29572C8F006C7475 /* LanguageTableViewCell.xib */ = {isa = PBXFileReference; fileEncoding = 4; lastKnownFileType = file.xib; path = LanguageTableViewCell.xib; sourceTree = "<group>"; };
		AD7F6BF029572C8F006C7475 /* SideMenuTableViewCell.swift */ = {isa = PBXFileReference; fileEncoding = 4; lastKnownFileType = sourcecode.swift; path = SideMenuTableViewCell.swift; sourceTree = "<group>"; };
		AD7F6BF129572C8F006C7475 /* SideMenuTableViewCell.xib */ = {isa = PBXFileReference; fileEncoding = 4; lastKnownFileType = file.xib; path = SideMenuTableViewCell.xib; sourceTree = "<group>"; };
		AD7F6BF329572C8F006C7475 /* ProfileHeaderTableViewCell.swift */ = {isa = PBXFileReference; fileEncoding = 4; lastKnownFileType = sourcecode.swift; path = ProfileHeaderTableViewCell.swift; sourceTree = "<group>"; };
		AD7F6BF429572C8F006C7475 /* ProfileHeaderTableViewCell.xib */ = {isa = PBXFileReference; fileEncoding = 4; lastKnownFileType = file.xib; path = ProfileHeaderTableViewCell.xib; sourceTree = "<group>"; };
		AD7F6BFE29572C9F006C7475 /* LeagueTableViewCell.swift */ = {isa = PBXFileReference; fileEncoding = 4; lastKnownFileType = sourcecode.swift; path = LeagueTableViewCell.swift; sourceTree = "<group>"; };
		AD7F6BFF29572C9F006C7475 /* LeagueTableViewCell.xib */ = {isa = PBXFileReference; fileEncoding = 4; lastKnownFileType = file.xib; path = LeagueTableViewCell.xib; sourceTree = "<group>"; };
		AD7F6C02295731CF006C7475 /* Colors.xcassets */ = {isa = PBXFileReference; lastKnownFileType = folder.assetcatalog; path = Colors.xcassets; sourceTree = "<group>"; };
		AD7F6C0529573832006C7475 /* Rubik-Medium.ttf */ = {isa = PBXFileReference; lastKnownFileType = file; path = "Rubik-Medium.ttf"; sourceTree = "<group>"; };
		AD7F6C0629573832006C7475 /* Rubik-Bold.ttf */ = {isa = PBXFileReference; lastKnownFileType = file; path = "Rubik-Bold.ttf"; sourceTree = "<group>"; };
		AD7F6C0729573832006C7475 /* Rubik-SemiBold.ttf */ = {isa = PBXFileReference; lastKnownFileType = file; path = "Rubik-SemiBold.ttf"; sourceTree = "<group>"; };
		AD7F6C0829573832006C7475 /* Rubik-Regular.ttf */ = {isa = PBXFileReference; lastKnownFileType = file; path = "Rubik-Regular.ttf"; sourceTree = "<group>"; };
		AD9A43ED295B1AC80050E15C /* zh-Hans */ = {isa = PBXFileReference; lastKnownFileType = text.plist.strings; name = "zh-Hans"; path = "zh-Hans.lproj/Main.strings"; sourceTree = "<group>"; };
		AD9A43EF295B1B600050E15C /* id */ = {isa = PBXFileReference; lastKnownFileType = text.plist.strings; name = id; path = id.lproj/Main.strings; sourceTree = "<group>"; };
		AD9A43F1295B1B900050E15C /* th */ = {isa = PBXFileReference; lastKnownFileType = text.plist.strings; name = th; path = th.lproj/Main.strings; sourceTree = "<group>"; };
		AD9A43F3295B1B970050E15C /* vi */ = {isa = PBXFileReference; lastKnownFileType = text.plist.strings; name = vi; path = vi.lproj/Main.strings; sourceTree = "<group>"; };
		AD9A43F7295B21F30050E15C /* en */ = {isa = PBXFileReference; lastKnownFileType = text.plist.strings; name = en; path = en.lproj/Localizable.strings; sourceTree = "<group>"; };
		AD9A43F9295B21F60050E15C /* zh-Hans */ = {isa = PBXFileReference; lastKnownFileType = text.plist.strings; name = "zh-Hans"; path = "zh-Hans.lproj/Localizable.strings"; sourceTree = "<group>"; };
		AD9A43FA295B21F80050E15C /* id */ = {isa = PBXFileReference; lastKnownFileType = text.plist.strings; name = id; path = id.lproj/Localizable.strings; sourceTree = "<group>"; };
		AD9A43FB295B21F90050E15C /* th */ = {isa = PBXFileReference; lastKnownFileType = text.plist.strings; name = th; path = th.lproj/Localizable.strings; sourceTree = "<group>"; };
		AD9A43FC295B21F90050E15C /* vi */ = {isa = PBXFileReference; lastKnownFileType = text.plist.strings; name = vi; path = vi.lproj/Localizable.strings; sourceTree = "<group>"; };
		B98D17F2EAAA5C766DF1940C /* Pods-Excellence SportsTests.debug.xcconfig */ = {isa = PBXFileReference; includeInIndex = 1; lastKnownFileType = text.xcconfig; name = "Pods-Excellence SportsTests.debug.xcconfig"; path = "Target Support Files/Pods-Excellence SportsTests/Pods-Excellence SportsTests.debug.xcconfig"; sourceTree = "<group>"; };
		D7A720F0880849449CC7AC1D /* Pods_Excellence_SportsTests.framework */ = {isa = PBXFileReference; explicitFileType = wrapper.framework; includeInIndex = 0; path = Pods_Excellence_SportsTests.framework; sourceTree = BUILT_PRODUCTS_DIR; };
		E488B28BC933AED4DE5EC319 /* Pods_Excellence_Sports_Excellence_SportsUITests.framework */ = {isa = PBXFileReference; explicitFileType = wrapper.framework; includeInIndex = 0; path = Pods_Excellence_Sports_Excellence_SportsUITests.framework; sourceTree = BUILT_PRODUCTS_DIR; };
/* End PBXFileReference section */

/* Begin PBXFrameworksBuildPhase section */
		AD7F6AE729570FDC006C7475 /* Frameworks */ = {
			isa = PBXFrameworksBuildPhase;
			buildActionMask = 2147483647;
			files = (
				562B2DC9EF62E97F806E4B67 /* Pods_Excellence_Sports.framework in Frameworks */,
			);
			runOnlyForDeploymentPostprocessing = 0;
		};
		AD7F6B0029570FDD006C7475 /* Frameworks */ = {
			isa = PBXFrameworksBuildPhase;
			buildActionMask = 2147483647;
			files = (
				A559087AD1F42F9CA393DC16 /* Pods_Excellence_SportsTests.framework in Frameworks */,
			);
			runOnlyForDeploymentPostprocessing = 0;
		};
		AD7F6B0A29570FDD006C7475 /* Frameworks */ = {
			isa = PBXFrameworksBuildPhase;
			buildActionMask = 2147483647;
			files = (
				47C3167E23A0FEC353104B9E /* Pods_Excellence_Sports_Excellence_SportsUITests.framework in Frameworks */,
			);
			runOnlyForDeploymentPostprocessing = 0;
		};
/* End PBXFrameworksBuildPhase section */

/* Begin PBXGroup section */
		636DF7BAFED485532966D398 /* Frameworks */ = {
			isa = PBXGroup;
			children = (
				0C73F6A06E809962805C9C1C /* Pods_Excellence_Sports.framework */,
				E488B28BC933AED4DE5EC319 /* Pods_Excellence_Sports_Excellence_SportsUITests.framework */,
				D7A720F0880849449CC7AC1D /* Pods_Excellence_SportsTests.framework */,
			);
			name = Frameworks;
			sourceTree = "<group>";
		};
		89C7515E583028DFF04CF24A /* Pods */ = {
			isa = PBXGroup;
			children = (
				A2E35AD2524B3F99C6470421 /* Pods-Excellence Sports.debug.xcconfig */,
				3ABEBE462B4E1C18D91E453B /* Pods-Excellence Sports.release.xcconfig */,
				732524EFE511C9926C25FD4D /* Pods-Excellence Sports-Excellence SportsUITests.debug.xcconfig */,
				A3131679ECAC729ECDC8ADF3 /* Pods-Excellence Sports-Excellence SportsUITests.release.xcconfig */,
				B98D17F2EAAA5C766DF1940C /* Pods-Excellence SportsTests.debug.xcconfig */,
				893829AD10E3E0174AEBB848 /* Pods-Excellence SportsTests.release.xcconfig */,
			);
			path = Pods;
			sourceTree = "<group>";
		};
		AD2CAF572959B27B00010B25 /* LeagueDetails */ = {
			isa = PBXGroup;
			children = (
				AD2CAF582959B2A700010B25 /* LeagueDetailsViewController.swift */,
				AD2CAF5A2959B2D800010B25 /* LeagueDetailsViewModel.swift */,
			);
			path = LeagueDetails;
			sourceTree = "<group>";
		};
		AD5777012959DF5200850043 /* LeagueDetails */ = {
			isa = PBXGroup;
			children = (
				AD5777022959DF5200850043 /* LeagueDetailsTableViewCell.swift */,
				AD5777032959DF5200850043 /* LeagueDetailsTableViewCell.xib */,
			);
			path = LeagueDetails;
			sourceTree = "<group>";
		};
		AD7F6AE129570FDC006C7475 = {
			isa = PBXGroup;
			children = (
				AD7F6AEC29570FDC006C7475 /* Excellence Sports */,
				AD7F6B0629570FDD006C7475 /* Excellence SportsTests */,
				AD7F6B1029570FDD006C7475 /* Excellence SportsUITests */,
				AD7F6AEB29570FDC006C7475 /* Products */,
				89C7515E583028DFF04CF24A /* Pods */,
				636DF7BAFED485532966D398 /* Frameworks */,
			);
			sourceTree = "<group>";
		};
		AD7F6AEB29570FDC006C7475 /* Products */ = {
			isa = PBXGroup;
			children = (
				AD7F6AEA29570FDC006C7475 /* Excellence Sports.app */,
				AD7F6B0329570FDD006C7475 /* Excellence SportsTests.xctest */,
				AD7F6B0D29570FDD006C7475 /* Excellence SportsUITests.xctest */,
			);
			name = Products;
			sourceTree = "<group>";
		};
		AD7F6AEC29570FDC006C7475 /* Excellence Sports */ = {
			isa = PBXGroup;
			children = (
				AD7F6C0429573811006C7475 /* Fonts */,
				AD7F6B2E295725FA006C7475 /* API Manager */,
				AD7F6B20295725FA006C7475 /* Dialogs */,
				AD7F6B56295725FA006C7475 /* Models */,
				AD7F6B36295725FA006C7475 /* Utilities */,
				AD7F6BD32957260D006C7475 /* Controllers */,
				AD7F6BE729572C33006C7475 /* View */,
				AD7F6AED29570FDC006C7475 /* AppDelegate.swift */,
				AD2367D4295F1428008CD760 /* InfoPlist.strings */,
				AD7B5C54295C306C00AB55A2 /* loader.json */,
				AD9A43F8295B21F30050E15C /* Localizable.strings */,
				AD7F6AF329570FDC006C7475 /* Main.storyboard */,
				AD7F6AF929570FDD006C7475 /* Assets.xcassets */,
				AD7F6C02295731CF006C7475 /* Colors.xcassets */,
				AD7F6AFB29570FDD006C7475 /* LaunchScreen.storyboard */,
				AD7F6AFE29570FDD006C7475 /* Info.plist */,
				AD7F6AF629570FDC006C7475 /* Excellence_Sports.xcdatamodeld */,
			);
			path = "Excellence Sports";
			sourceTree = "<group>";
		};
		AD7F6B0629570FDD006C7475 /* Excellence SportsTests */ = {
			isa = PBXGroup;
			children = (
				AD7F6B0729570FDD006C7475 /* Excellence_SportsTests.swift */,
			);
			path = "Excellence SportsTests";
			sourceTree = "<group>";
		};
		AD7F6B1029570FDD006C7475 /* Excellence SportsUITests */ = {
			isa = PBXGroup;
			children = (
				AD7F6B1129570FDD006C7475 /* Excellence_SportsUITests.swift */,
				AD7F6B1329570FDD006C7475 /* Excellence_SportsUITestsLaunchTests.swift */,
			);
			path = "Excellence SportsUITests";
			sourceTree = "<group>";
		};
		AD7F6B20295725FA006C7475 /* Dialogs */ = {
			isa = PBXGroup;
			children = (
				AD7F6B21295725FA006C7475 /* Dialogs.strings */,
				AD7F6B25295725FA006C7475 /* MatchOptionsViewController.swift */,
				AD7F6B26295725FA006C7475 /* Dialogs.storyboard */,
				AD7F6B28295725FA006C7475 /* SuccessfullDialog.swift */,
				AD7F6B29295725FA006C7475 /* ConfirmationViewController.swift */,
				AD7F6B2D295725FA006C7475 /* Dialog.swift */,
			);
			path = Dialogs;
			sourceTree = "<group>";
		};
		AD7F6B2E295725FA006C7475 /* API Manager */ = {
			isa = PBXGroup;
			children = (
				AD7F6B2F295725FA006C7475 /* EndPoints.swift */,
				AD7F6B30295725FA006C7475 /* UploadFile.swift */,
				AD7F6B31295725FA006C7475 /* Environment.swift */,
				AD7F6B32295725FA006C7475 /* BaseUrl.swift */,
				AD7F6B33295725FA006C7475 /* WebService.swift */,
				AD7F6B34295725FA006C7475 /* API */,
			);
			path = "API Manager";
			sourceTree = "<group>";
		};
		AD7F6B34295725FA006C7475 /* API */ = {
			isa = PBXGroup;
			children = (
				AD7F6B35295725FA006C7475 /* HomeAPI.swift */,
			);
			path = API;
			sourceTree = "<group>";
		};
		AD7F6B36295725FA006C7475 /* Utilities */ = {
			isa = PBXGroup;
			children = (
				AD7F6B37295725FA006C7475 /* Constants.swift */,
				AD7F6B38295725FA006C7475 /* BaseClasses */,
				AD7F6B3F295725FA006C7475 /* Extensions */,
				AD7F6B4F295725FA006C7475 /* AppPreferences.swift */,
				AD7F6B50295725FA006C7475 /* Images.swift */,
				AD7F6B51295725FA006C7475 /* Utility.swift */,
				AD7F6B52295725FA006C7475 /* SnackView.swift */,
				AD7F6B53295725FA006C7475 /* Colors.swift */,
				AD7F6B54295725FA006C7475 /* LocationManager.swift */,
				AD7F6B55295725FA006C7475 /* FilePicker.swift */,
			);
			path = Utilities;
			sourceTree = "<group>";
		};
		AD7F6B38295725FA006C7475 /* BaseClasses */ = {
			isa = PBXGroup;
			children = (
				AD7F6B39295725FA006C7475 /* RoundShadowView.swift */,
				AD7F6B3A295725FA006C7475 /* BaseViewController.swift */,
				AD7F6B3B295725FA006C7475 /* RoundView.swift */,
				AD7F6B3C295725FA006C7475 /* MainTabBarController.swift */,
				AD7F6B3D295725FA006C7475 /* CustomTabBar.swift */,
				AD7F6B3E295725FA006C7475 /* RoundedCornerImage.swift */,
			);
			path = BaseClasses;
			sourceTree = "<group>";
		};
		AD7F6B3F295725FA006C7475 /* Extensions */ = {
			isa = PBXGroup;
			children = (
				AD7F6B40295725FA006C7475 /* UIApplication+Extension.swift */,
				AD7F6B41295725FA006C7475 /* UIImageView+Extension.swift */,
				AD7F6B42295725FA006C7475 /* UIColor+Extension.swift */,
				AD7F6B43295725FA006C7475 /* Date+Extension.swift */,
				AD7F6B44295725FA006C7475 /* UIView+Extension.swift */,
				AD7F6B45295725FA006C7475 /* UINavigationController+Extension.swift */,
				AD7F6B46295725FA006C7475 /* URL+Extension.swift */,
				AD7F6B47295725FA006C7475 /* UIViewController+Extension.swift */,
				AD7F6B48295725FA006C7475 /* String+Extension.swift */,
				AD7F6B49295725FA006C7475 /* UISegmentedControl+Extension.swift */,
				AD7F6B4A295725FA006C7475 /* UIPageControllerExtension.swift */,
				AD7F6B4B295725FA006C7475 /* Dictionary+Extension.swift */,
				AD7F6B4C295725FA006C7475 /* Data+Extension.swift */,
				AD7F6B4D295725FA006C7475 /* UIImageExtension.swift */,
				AD7F6B4E295725FA006C7475 /* CollectionViewExtension.swift */,
			);
			path = Extensions;
			sourceTree = "<group>";
		};
		AD7F6B56295725FA006C7475 /* Models */ = {
			isa = PBXGroup;
			children = (
				AD7F6B57295725FA006C7475 /* LocalModels */,
				AD7F6B5B295725FA006C7475 /* ResponseModels */,
			);
			path = Models;
			sourceTree = "<group>";
		};
		AD7F6B57295725FA006C7475 /* LocalModels */ = {
			isa = PBXGroup;
			children = (
				AD7F6B58295725FA006C7475 /* Topper.swift */,
				AD7F6B59295725FA006C7475 /* FootballLeague.swift */,
				AD7F6B5A295725FA006C7475 /* League.swift */,
			);
			path = LocalModels;
			sourceTree = "<group>";
		};
		AD7F6B5B295725FA006C7475 /* ResponseModels */ = {
			isa = PBXGroup;
			children = (
				AD7F6B5C295725FA006C7475 /* Standings */,
				AD7F6B6E295725FA006C7475 /* Webview */,
				AD7F6B75295725FA006C7475 /* League */,
				AD7F6B80295725FA006C7475 /* Team */,
			);
			path = ResponseModels;
			sourceTree = "<group>";
		};
		AD7F6B5C295725FA006C7475 /* Standings */ = {
			isa = PBXGroup;
			children = (
				AD7F6B5D295725FA006C7475 /* TeamStandings */,
				AD7F6B6B295725FA006C7475 /* PlayerStandings */,
			);
			path = Standings;
			sourceTree = "<group>";
		};
		AD7F6B5D295725FA006C7475 /* TeamStandings */ = {
			isa = PBXGroup;
			children = (
				AD7F6B5E295725FA006C7475 /* LeagueStandingNew */,
				AD7F6B61295725FA006C7475 /* HalfStandings.swift */,
				AD7F6B62295725FA006C7475 /* AwayStandings.swift */,
				AD7F6B63295725FA006C7475 /* TotalStandings.swift */,
				AD7F6B64295725FA006C7475 /* AwayHalfStandings.swift */,
				AD7F6B65295725FA006C7475 /* LeagueColorInfos.swift */,
				AD7F6B66295725FA006C7475 /* HomeStandings.swift */,
				AD7F6B67295725FA006C7475 /* HomeHalfStandings.swift */,
				AD7F6B68295725FA006C7475 /* LeagueInfo.swift */,
				AD7F6B69295725FA006C7475 /* TeamInfo.swift */,
				AD7F6B6A295725FA006C7475 /* TeamStandingsResponse.swift */,
			);
			path = TeamStandings;
			sourceTree = "<group>";
		};
		AD7F6B5E295725FA006C7475 /* LeagueStandingNew */ = {
			isa = PBXGroup;
			children = (
				AD7F6B5F295725FA006C7475 /* LeagueStandingResponse.swift */,
				AD7F6B60295725FA006C7475 /* LeagueStandingNew.swift */,
			);
			path = LeagueStandingNew;
			sourceTree = "<group>";
		};
		AD7F6B6B295725FA006C7475 /* PlayerStandings */ = {
			isa = PBXGroup;
			children = (
				AD7F6B6C295725FA006C7475 /* PlayerStandingsResponse.swift */,
				AD7F6B6D295725FA006C7475 /* PlayerStandings.swift */,
			);
			path = PlayerStandings;
			sourceTree = "<group>";
		};
		AD7F6B6E295725FA006C7475 /* Webview */ = {
			isa = PBXGroup;
			children = (
				AD7F6B6F295725FA006C7475 /* Mapping.swift */,
				AD7F6B70295725FA006C7475 /* Region.swift */,
				AD7F6B71295725FA006C7475 /* UrlDetails.swift */,
				AD7F6B72295725FA006C7475 /* InitField.swift */,
				AD7F6B73295725FA006C7475 /* Prompt.swift */,
				AD7F6B74295725FA006C7475 /* Banner.swift */,
			);
			path = Webview;
			sourceTree = "<group>";
		};
		AD7F6B75295725FA006C7475 /* League */ = {
			isa = PBXGroup;
			children = (
				AD7F6B76295725FA006C7475 /* LeagueStanding.swift */,
				AD7F6B77295725FA006C7475 /* LeagueStandingList.swift */,
				AD7F6B78295725FA006C7475 /* LeagueResponse.swift */,
				AD7F6B79295725FA006C7475 /* Score.swift */,
				AD7F6B7A295725FA006C7475 /* GroupScore.swift */,
				AD7F6B7B295725FA006C7475 /* LeaguePlayercount.swift */,
				AD7F6B7C295725FA006C7475 /* LeagueData02.swift */,
				AD7F6B7D295725FA006C7475 /* LeagueData04.swift */,
				AD7F6B7E295725FA006C7475 /* ScoreItems.swift */,
				AD7F6B7F295725FA006C7475 /* LeagueData01.swift */,
			);
			path = League;
			sourceTree = "<group>";
		};
		AD7F6B80295725FA006C7475 /* Team */ = {
			isa = PBXGroup;
			children = (
				AD7F6B81295725FA006C7475 /* TeamPlayerTransferData.swift */,
				AD7F6B82295725FA006C7475 /* TeamDetailsResponse.swift */,
				AD7F6B83295725FA006C7475 /* TeamInfoData.swift */,
				AD7F6B84295725FA006C7475 /* TeamPlayerData.swift */,
			);
			path = Team;
			sourceTree = "<group>";
		};
		AD7F6BD32957260D006C7475 /* Controllers */ = {
			isa = PBXGroup;
			children = (
				AD2CAF572959B27B00010B25 /* LeagueDetails */,
				AD7F6BDD2957263D006C7475 /* Launch */,
				AD7F6BDA2957263D006C7475 /* Profile */,
				AD7F6BD72957263D006C7475 /* Settings */,
				AD7F6BDF2957263D006C7475 /* Webview */,
				AD7F6BD429572622006C7475 /* League */,
			);
			path = Controllers;
			sourceTree = "<group>";
		};
		AD7F6BD429572622006C7475 /* League */ = {
			isa = PBXGroup;
			children = (
				AD7F6BD529572622006C7475 /* LeaguesViewController.swift */,
			);
			path = League;
			sourceTree = "<group>";
		};
		AD7F6BD72957263D006C7475 /* Settings */ = {
			isa = PBXGroup;
			children = (
				AD7F6BD82957263D006C7475 /* LanguageViewController.swift */,
				AD7F6BD92957263D006C7475 /* SettingsViewController.swift */,
			);
			path = Settings;
			sourceTree = "<group>";
		};
		AD7F6BDA2957263D006C7475 /* Profile */ = {
			isa = PBXGroup;
			children = (
				AD7F6BDB2957263D006C7475 /* ProfileViewController.swift */,
				AD7F6BDC2957263D006C7475 /* ProfileViewModel.swift */,
			);
			path = Profile;
			sourceTree = "<group>";
		};
		AD7F6BDD2957263D006C7475 /* Launch */ = {
			isa = PBXGroup;
			children = (
				AD7F6BDE2957263D006C7475 /* LaunchesViewController.swift */,
			);
			path = Launch;
			sourceTree = "<group>";
		};
		AD7F6BDF2957263D006C7475 /* Webview */ = {
			isa = PBXGroup;
			children = (
				AD7F6BE02957263D006C7475 /* WebViewViewController.swift */,
			);
			path = Webview;
			sourceTree = "<group>";
		};
		AD7F6BE729572C33006C7475 /* View */ = {
			isa = PBXGroup;
			children = (
				AD7F6BE829572C5D006C7475 /* TableViewCell */,
			);
			path = View;
			sourceTree = "<group>";
		};
		AD7F6BE829572C5D006C7475 /* TableViewCell */ = {
			isa = PBXGroup;
			children = (
				AD5777012959DF5200850043 /* LeagueDetails */,
				AD7F6BFD29572C9F006C7475 /* League */,
				AD7F6BEC29572C8F006C7475 /* Language */,
				AD7F6BE929572C8F006C7475 /* Player */,
				AD7F6BF229572C8F006C7475 /* ProfileHeader */,
				AD7F6BEF29572C8F006C7475 /* SideMenu */,
			);
			path = TableViewCell;
			sourceTree = "<group>";
		};
		AD7F6BE929572C8F006C7475 /* Player */ = {
			isa = PBXGroup;
			children = (
				AD7F6BEA29572C8F006C7475 /* PlayerTableViewCell.xib */,
				AD7F6BEB29572C8F006C7475 /* PlayerTableViewCell.swift */,
			);
			path = Player;
			sourceTree = "<group>";
		};
		AD7F6BEC29572C8F006C7475 /* Language */ = {
			isa = PBXGroup;
			children = (
				AD7F6BED29572C8F006C7475 /* LanguageTableViewCell.swift */,
				AD7F6BEE29572C8F006C7475 /* LanguageTableViewCell.xib */,
			);
			path = Language;
			sourceTree = "<group>";
		};
		AD7F6BEF29572C8F006C7475 /* SideMenu */ = {
			isa = PBXGroup;
			children = (
				AD7F6BF029572C8F006C7475 /* SideMenuTableViewCell.swift */,
				AD7F6BF129572C8F006C7475 /* SideMenuTableViewCell.xib */,
			);
			path = SideMenu;
			sourceTree = "<group>";
		};
		AD7F6BF229572C8F006C7475 /* ProfileHeader */ = {
			isa = PBXGroup;
			children = (
				AD7F6BF329572C8F006C7475 /* ProfileHeaderTableViewCell.swift */,
				AD7F6BF429572C8F006C7475 /* ProfileHeaderTableViewCell.xib */,
			);
			path = ProfileHeader;
			sourceTree = "<group>";
		};
		AD7F6BFD29572C9F006C7475 /* League */ = {
			isa = PBXGroup;
			children = (
				AD7F6BFE29572C9F006C7475 /* LeagueTableViewCell.swift */,
				AD7F6BFF29572C9F006C7475 /* LeagueTableViewCell.xib */,
			);
			path = League;
			sourceTree = "<group>";
		};
		AD7F6C0429573811006C7475 /* Fonts */ = {
			isa = PBXGroup;
			children = (
				AD7F6C0629573832006C7475 /* Rubik-Bold.ttf */,
				AD7F6C0529573832006C7475 /* Rubik-Medium.ttf */,
				AD7F6C0829573832006C7475 /* Rubik-Regular.ttf */,
				AD7F6C0729573832006C7475 /* Rubik-SemiBold.ttf */,
			);
			path = Fonts;
			sourceTree = "<group>";
		};
/* End PBXGroup section */

/* Begin PBXNativeTarget section */
		AD7F6AE929570FDC006C7475 /* Excellence Sports */ = {
			isa = PBXNativeTarget;
			buildConfigurationList = AD7F6B1729570FDD006C7475 /* Build configuration list for PBXNativeTarget "Excellence Sports" */;
			buildPhases = (
				62FE656DFB48C789433CD631 /* [CP] Check Pods Manifest.lock */,
				AD7F6AE629570FDC006C7475 /* Sources */,
				AD7F6AE729570FDC006C7475 /* Frameworks */,
				AD7F6AE829570FDC006C7475 /* Resources */,
				933DE327A9E5BEED84BD3959 /* [CP] Embed Pods Frameworks */,
			);
			buildRules = (
			);
			dependencies = (
			);
			name = "Excellence Sports";
			productName = "Excellence Sports";
			productReference = AD7F6AEA29570FDC006C7475 /* Excellence Sports.app */;
			productType = "com.apple.product-type.application";
		};
		AD7F6B0229570FDD006C7475 /* Excellence SportsTests */ = {
			isa = PBXNativeTarget;
			buildConfigurationList = AD7F6B1A29570FDD006C7475 /* Build configuration list for PBXNativeTarget "Excellence SportsTests" */;
			buildPhases = (
				BAC18960AF0902D1B9C01487 /* [CP] Check Pods Manifest.lock */,
				AD7F6AFF29570FDD006C7475 /* Sources */,
				AD7F6B0029570FDD006C7475 /* Frameworks */,
				AD7F6B0129570FDD006C7475 /* Resources */,
			);
			buildRules = (
			);
			dependencies = (
				AD7F6B0529570FDD006C7475 /* PBXTargetDependency */,
			);
			name = "Excellence SportsTests";
			productName = "Excellence SportsTests";
			productReference = AD7F6B0329570FDD006C7475 /* Excellence SportsTests.xctest */;
			productType = "com.apple.product-type.bundle.unit-test";
		};
		AD7F6B0C29570FDD006C7475 /* Excellence SportsUITests */ = {
			isa = PBXNativeTarget;
			buildConfigurationList = AD7F6B1D29570FDD006C7475 /* Build configuration list for PBXNativeTarget "Excellence SportsUITests" */;
			buildPhases = (
				FB31AF3A49A30955ACD42CBF /* [CP] Check Pods Manifest.lock */,
				AD7F6B0929570FDD006C7475 /* Sources */,
				AD7F6B0A29570FDD006C7475 /* Frameworks */,
				AD7F6B0B29570FDD006C7475 /* Resources */,
				406983DB0884039CC465B8DB /* [CP] Embed Pods Frameworks */,
			);
			buildRules = (
			);
			dependencies = (
				AD7F6B0F29570FDD006C7475 /* PBXTargetDependency */,
			);
			name = "Excellence SportsUITests";
			productName = "Excellence SportsUITests";
			productReference = AD7F6B0D29570FDD006C7475 /* Excellence SportsUITests.xctest */;
			productType = "com.apple.product-type.bundle.ui-testing";
		};
/* End PBXNativeTarget section */

/* Begin PBXProject section */
		AD7F6AE229570FDC006C7475 /* Project object */ = {
			isa = PBXProject;
			attributes = {
				BuildIndependentTargetsInParallel = 1;
				LastSwiftUpdateCheck = 1340;
				LastUpgradeCheck = 1340;
				TargetAttributes = {
					AD7F6AE929570FDC006C7475 = {
						CreatedOnToolsVersion = 13.4.1;
					};
					AD7F6B0229570FDD006C7475 = {
						CreatedOnToolsVersion = 13.4.1;
						TestTargetID = AD7F6AE929570FDC006C7475;
					};
					AD7F6B0C29570FDD006C7475 = {
						CreatedOnToolsVersion = 13.4.1;
						TestTargetID = AD7F6AE929570FDC006C7475;
					};
				};
			};
			buildConfigurationList = AD7F6AE529570FDC006C7475 /* Build configuration list for PBXProject "Excellence Sports" */;
			compatibilityVersion = "Xcode 13.0";
			developmentRegion = en;
			hasScannedForEncodings = 0;
			knownRegions = (
				en,
				Base,
				ar,
				"zh-Hans",
				vi,
				id,
				th,
			);
			mainGroup = AD7F6AE129570FDC006C7475;
			productRefGroup = AD7F6AEB29570FDC006C7475 /* Products */;
			projectDirPath = "";
			projectRoot = "";
			targets = (
				AD7F6AE929570FDC006C7475 /* Excellence Sports */,
				AD7F6B0229570FDD006C7475 /* Excellence SportsTests */,
				AD7F6B0C29570FDD006C7475 /* Excellence SportsUITests */,
			);
		};
/* End PBXProject section */

/* Begin PBXResourcesBuildPhase section */
		AD7F6AE829570FDC006C7475 /* Resources */ = {
			isa = PBXResourcesBuildPhase;
			buildActionMask = 2147483647;
			files = (
				AD9A43F6295B21F30050E15C /* Localizable.strings in Resources */,
				AD7F6C0A29573832006C7475 /* Rubik-Bold.ttf in Resources */,
				AD7F6BF829572C8F006C7475 /* LanguageTableViewCell.xib in Resources */,
				AD7F6BFC29572C8F006C7475 /* ProfileHeaderTableViewCell.xib in Resources */,
				AD7F6C03295731CF006C7475 /* Colors.xcassets in Resources */,
				AD7F6C0929573832006C7475 /* Rubik-Medium.ttf in Resources */,
				AD7B5C55295C306C00AB55A2 /* loader.json in Resources */,
				AD7F6C0129572C9F006C7475 /* LeagueTableViewCell.xib in Resources */,
				AD7F6AFD29570FDD006C7475 /* LaunchScreen.storyboard in Resources */,
				AD7F6AFA29570FDD006C7475 /* Assets.xcassets in Resources */,
				AD2367D2295F1428008CD760 /* InfoPlist.strings in Resources */,
				AD7F6BF529572C8F006C7475 /* PlayerTableViewCell.xib in Resources */,
				AD7F6B85295725FA006C7475 /* Dialogs.strings in Resources */,
				AD7F6B87295725FA006C7475 /* Dialogs.storyboard in Resources */,
				AD5777052959DF5200850043 /* LeagueDetailsTableViewCell.xib in Resources */,
				AD7F6AF529570FDC006C7475 /* Main.storyboard in Resources */,
				AD7F6BFA29572C8F006C7475 /* SideMenuTableViewCell.xib in Resources */,
				AD7F6C0C29573832006C7475 /* Rubik-Regular.ttf in Resources */,
				AD7F6C0B29573832006C7475 /* Rubik-SemiBold.ttf in Resources */,
			);
			runOnlyForDeploymentPostprocessing = 0;
		};
		AD7F6B0129570FDD006C7475 /* Resources */ = {
			isa = PBXResourcesBuildPhase;
			buildActionMask = 2147483647;
			files = (
			);
			runOnlyForDeploymentPostprocessing = 0;
		};
		AD7F6B0B29570FDD006C7475 /* Resources */ = {
			isa = PBXResourcesBuildPhase;
			buildActionMask = 2147483647;
			files = (
			);
			runOnlyForDeploymentPostprocessing = 0;
		};
/* End PBXResourcesBuildPhase section */

/* Begin PBXShellScriptBuildPhase section */
		406983DB0884039CC465B8DB /* [CP] Embed Pods Frameworks */ = {
			isa = PBXShellScriptBuildPhase;
			buildActionMask = 2147483647;
			files = (
			);
			inputFileListPaths = (
				"${PODS_ROOT}/Target Support Files/Pods-Excellence Sports-Excellence SportsUITests/Pods-Excellence Sports-Excellence SportsUITests-frameworks-${CONFIGURATION}-input-files.xcfilelist",
			);
			name = "[CP] Embed Pods Frameworks";
			outputFileListPaths = (
				"${PODS_ROOT}/Target Support Files/Pods-Excellence Sports-Excellence SportsUITests/Pods-Excellence Sports-Excellence SportsUITests-frameworks-${CONFIGURATION}-output-files.xcfilelist",
			);
			runOnlyForDeploymentPostprocessing = 0;
			shellPath = /bin/sh;
			shellScript = "\"${PODS_ROOT}/Target Support Files/Pods-Excellence Sports-Excellence SportsUITests/Pods-Excellence Sports-Excellence SportsUITests-frameworks.sh\"\n";
			showEnvVarsInLog = 0;
		};
		62FE656DFB48C789433CD631 /* [CP] Check Pods Manifest.lock */ = {
			isa = PBXShellScriptBuildPhase;
			buildActionMask = 2147483647;
			files = (
			);
			inputFileListPaths = (
			);
			inputPaths = (
				"${PODS_PODFILE_DIR_PATH}/Podfile.lock",
				"${PODS_ROOT}/Manifest.lock",
			);
			name = "[CP] Check Pods Manifest.lock";
			outputFileListPaths = (
			);
			outputPaths = (
				"$(DERIVED_FILE_DIR)/Pods-Excellence Sports-checkManifestLockResult.txt",
			);
			runOnlyForDeploymentPostprocessing = 0;
			shellPath = /bin/sh;
			shellScript = "diff \"${PODS_PODFILE_DIR_PATH}/Podfile.lock\" \"${PODS_ROOT}/Manifest.lock\" > /dev/null\nif [ $? != 0 ] ; then\n    # print error to STDERR\n    echo \"error: The sandbox is not in sync with the Podfile.lock. Run 'pod install' or update your CocoaPods installation.\" >&2\n    exit 1\nfi\n# This output is used by Xcode 'outputs' to avoid re-running this script phase.\necho \"SUCCESS\" > \"${SCRIPT_OUTPUT_FILE_0}\"\n";
			showEnvVarsInLog = 0;
		};
		933DE327A9E5BEED84BD3959 /* [CP] Embed Pods Frameworks */ = {
			isa = PBXShellScriptBuildPhase;
			buildActionMask = 2147483647;
			files = (
			);
			inputFileListPaths = (
				"${PODS_ROOT}/Target Support Files/Pods-Excellence Sports/Pods-Excellence Sports-frameworks-${CONFIGURATION}-input-files.xcfilelist",
			);
			name = "[CP] Embed Pods Frameworks";
			outputFileListPaths = (
				"${PODS_ROOT}/Target Support Files/Pods-Excellence Sports/Pods-Excellence Sports-frameworks-${CONFIGURATION}-output-files.xcfilelist",
			);
			runOnlyForDeploymentPostprocessing = 0;
			shellPath = /bin/sh;
			shellScript = "\"${PODS_ROOT}/Target Support Files/Pods-Excellence Sports/Pods-Excellence Sports-frameworks.sh\"\n";
			showEnvVarsInLog = 0;
		};
		BAC18960AF0902D1B9C01487 /* [CP] Check Pods Manifest.lock */ = {
			isa = PBXShellScriptBuildPhase;
			buildActionMask = 2147483647;
			files = (
			);
			inputFileListPaths = (
			);
			inputPaths = (
				"${PODS_PODFILE_DIR_PATH}/Podfile.lock",
				"${PODS_ROOT}/Manifest.lock",
			);
			name = "[CP] Check Pods Manifest.lock";
			outputFileListPaths = (
			);
			outputPaths = (
				"$(DERIVED_FILE_DIR)/Pods-Excellence SportsTests-checkManifestLockResult.txt",
			);
			runOnlyForDeploymentPostprocessing = 0;
			shellPath = /bin/sh;
			shellScript = "diff \"${PODS_PODFILE_DIR_PATH}/Podfile.lock\" \"${PODS_ROOT}/Manifest.lock\" > /dev/null\nif [ $? != 0 ] ; then\n    # print error to STDERR\n    echo \"error: The sandbox is not in sync with the Podfile.lock. Run 'pod install' or update your CocoaPods installation.\" >&2\n    exit 1\nfi\n# This output is used by Xcode 'outputs' to avoid re-running this script phase.\necho \"SUCCESS\" > \"${SCRIPT_OUTPUT_FILE_0}\"\n";
			showEnvVarsInLog = 0;
		};
		FB31AF3A49A30955ACD42CBF /* [CP] Check Pods Manifest.lock */ = {
			isa = PBXShellScriptBuildPhase;
			buildActionMask = 2147483647;
			files = (
			);
			inputFileListPaths = (
			);
			inputPaths = (
				"${PODS_PODFILE_DIR_PATH}/Podfile.lock",
				"${PODS_ROOT}/Manifest.lock",
			);
			name = "[CP] Check Pods Manifest.lock";
			outputFileListPaths = (
			);
			outputPaths = (
				"$(DERIVED_FILE_DIR)/Pods-Excellence Sports-Excellence SportsUITests-checkManifestLockResult.txt",
			);
			runOnlyForDeploymentPostprocessing = 0;
			shellPath = /bin/sh;
			shellScript = "diff \"${PODS_PODFILE_DIR_PATH}/Podfile.lock\" \"${PODS_ROOT}/Manifest.lock\" > /dev/null\nif [ $? != 0 ] ; then\n    # print error to STDERR\n    echo \"error: The sandbox is not in sync with the Podfile.lock. Run 'pod install' or update your CocoaPods installation.\" >&2\n    exit 1\nfi\n# This output is used by Xcode 'outputs' to avoid re-running this script phase.\necho \"SUCCESS\" > \"${SCRIPT_OUTPUT_FILE_0}\"\n";
			showEnvVarsInLog = 0;
		};
/* End PBXShellScriptBuildPhase section */

/* Begin PBXSourcesBuildPhase section */
		AD7F6AE629570FDC006C7475 /* Sources */ = {
			isa = PBXSourcesBuildPhase;
			buildActionMask = 2147483647;
			files = (
				AD7F6BD2295725FA006C7475 /* TeamPlayerData.swift in Sources */,
				AD7F6B8A295725FA006C7475 /* Dialog.swift in Sources */,
				AD7F6BE12957263D006C7475 /* LanguageViewController.swift in Sources */,
				AD7F6BAB295725FA006C7475 /* Colors.swift in Sources */,
				AD7F6BC4295725FA006C7475 /* Banner.swift in Sources */,
				AD7F6B8E295725FA006C7475 /* BaseUrl.swift in Sources */,
				AD7F6BE42957263D006C7475 /* ProfileViewModel.swift in Sources */,
				AD7F6BB2295725FA006C7475 /* LeagueStandingNew.swift in Sources */,
				AD7F6BE22957263D006C7475 /* SettingsViewController.swift in Sources */,
				AD7F6BBB295725FA006C7475 /* TeamInfo.swift in Sources */,
				AD7F6B96295725FA006C7475 /* CustomTabBar.swift in Sources */,
				AD7F6B95295725FA006C7475 /* MainTabBarController.swift in Sources */,
				AD7F6B9F295725FA006C7475 /* UIViewController+Extension.swift in Sources */,
				AD7F6BB9295725FA006C7475 /* HomeHalfStandings.swift in Sources */,
				AD7F6BFB29572C8F006C7475 /* ProfileHeaderTableViewCell.swift in Sources */,
				AD7F6B89295725FA006C7475 /* ConfirmationViewController.swift in Sources */,
				AD2CAF5B2959B2D800010B25 /* LeagueDetailsViewModel.swift in Sources */,
				AD7F6BB5295725FA006C7475 /* TotalStandings.swift in Sources */,
				AD7F6BA9295725FA006C7475 /* Utility.swift in Sources */,
				AD7F6BB7295725FA006C7475 /* LeagueColorInfos.swift in Sources */,
				AD7F6BE62957263D006C7475 /* WebViewViewController.swift in Sources */,
				AD7F6BC0295725FA006C7475 /* Region.swift in Sources */,
				AD7F6BBD295725FA006C7475 /* PlayerStandingsResponse.swift in Sources */,
				AD7F6BAE295725FA006C7475 /* Topper.swift in Sources */,
				AD7F6BB6295725FA006C7475 /* AwayHalfStandings.swift in Sources */,
				AD7F6BCE295725FA006C7475 /* LeagueData01.swift in Sources */,
				AD7F6BA1295725FA006C7475 /* UISegmentedControl+Extension.swift in Sources */,
				AD7F6BC1295725FA006C7475 /* UrlDetails.swift in Sources */,
				AD7F6B9E295725FA006C7475 /* URL+Extension.swift in Sources */,
				AD7F6BB1295725FA006C7475 /* LeagueStandingResponse.swift in Sources */,
				AD7F6BA4295725FA006C7475 /* Data+Extension.swift in Sources */,
				AD7F6BF729572C8F006C7475 /* LanguageTableViewCell.swift in Sources */,
				AD7F6B9D295725FA006C7475 /* UINavigationController+Extension.swift in Sources */,
				AD7F6B9B295725FA006C7475 /* Date+Extension.swift in Sources */,
				AD7F6BD629572622006C7475 /* LeaguesViewController.swift in Sources */,
				AD7F6BBA295725FA006C7475 /* LeagueInfo.swift in Sources */,
				AD7F6BE52957263D006C7475 /* LaunchesViewController.swift in Sources */,
				AD7F6BD0295725FA006C7475 /* TeamDetailsResponse.swift in Sources */,
				AD7F6B94295725FA006C7475 /* RoundView.swift in Sources */,
				AD7F6BBF295725FA006C7475 /* Mapping.swift in Sources */,
				AD7F6BC2295725FA006C7475 /* InitField.swift in Sources */,
				AD7F6BC7295725FA006C7475 /* LeagueResponse.swift in Sources */,
				AD7F6AF829570FDC006C7475 /* Excellence_Sports.xcdatamodeld in Sources */,
				AD7F6BA8295725FA006C7475 /* Images.swift in Sources */,
				AD7F6BC9295725FA006C7475 /* GroupScore.swift in Sources */,
				AD7F6BA6295725FA006C7475 /* CollectionViewExtension.swift in Sources */,
				AD7F6BB3295725FA006C7475 /* HalfStandings.swift in Sources */,
				AD7F6BC8295725FA006C7475 /* Score.swift in Sources */,
				AD2CAF592959B2A700010B25 /* LeagueDetailsViewController.swift in Sources */,
				AD7F6BA2295725FA006C7475 /* UIPageControllerExtension.swift in Sources */,
				AD7F6BCF295725FA006C7475 /* TeamPlayerTransferData.swift in Sources */,
				AD7F6BE32957263D006C7475 /* ProfileViewController.swift in Sources */,
				AD7F6BBC295725FA006C7475 /* TeamStandingsResponse.swift in Sources */,
				AD7F6BCC295725FA006C7475 /* LeagueData04.swift in Sources */,
				AD7F6B8C295725FA006C7475 /* UploadFile.swift in Sources */,
				AD7F6B92295725FA006C7475 /* RoundShadowView.swift in Sources */,
				AD7F6BA7295725FA006C7475 /* AppPreferences.swift in Sources */,
				AD7F6B8F295725FA006C7475 /* WebService.swift in Sources */,
				AD7F6BB8295725FA006C7475 /* HomeStandings.swift in Sources */,
				AD7F6B86295725FA006C7475 /* MatchOptionsViewController.swift in Sources */,
				AD7F6BC3295725FA006C7475 /* Prompt.swift in Sources */,
				AD5777042959DF5200850043 /* LeagueDetailsTableViewCell.swift in Sources */,
				AD7F6BAF295725FA006C7475 /* FootballLeague.swift in Sources */,
				AD7F6BA5295725FA006C7475 /* UIImageExtension.swift in Sources */,
				AD7F6BAC295725FA006C7475 /* LocationManager.swift in Sources */,
				AD7F6BB0295725FA006C7475 /* League.swift in Sources */,
				AD7F6BCA295725FA006C7475 /* LeaguePlayercount.swift in Sources */,
				AD7F6B88295725FA006C7475 /* SuccessfullDialog.swift in Sources */,
				AD7F6BBE295725FA006C7475 /* PlayerStandings.swift in Sources */,
				AD7F6BAD295725FA006C7475 /* FilePicker.swift in Sources */,
				AD7F6BA3295725FA006C7475 /* Dictionary+Extension.swift in Sources */,
				AD7F6B98295725FA006C7475 /* UIApplication+Extension.swift in Sources */,
				AD7F6BCD295725FA006C7475 /* ScoreItems.swift in Sources */,
				AD7F6BF929572C8F006C7475 /* SideMenuTableViewCell.swift in Sources */,
				AD7F6BF629572C8F006C7475 /* PlayerTableViewCell.swift in Sources */,
				AD7F6B90295725FA006C7475 /* HomeAPI.swift in Sources */,
				AD7F6B8B295725FA006C7475 /* EndPoints.swift in Sources */,
				AD7F6BC5295725FA006C7475 /* LeagueStanding.swift in Sources */,
				AD7F6B91295725FA006C7475 /* Constants.swift in Sources */,
				AD7F6BCB295725FA006C7475 /* LeagueData02.swift in Sources */,
				AD7F6B9A295725FA006C7475 /* UIColor+Extension.swift in Sources */,
				AD7F6B97295725FA006C7475 /* RoundedCornerImage.swift in Sources */,
				AD7F6BAA295725FA006C7475 /* SnackView.swift in Sources */,
				AD7F6B99295725FA006C7475 /* UIImageView+Extension.swift in Sources */,
				AD7F6C0029572C9F006C7475 /* LeagueTableViewCell.swift in Sources */,
				AD7F6BD1295725FA006C7475 /* TeamInfoData.swift in Sources */,
				AD7F6BC6295725FA006C7475 /* LeagueStandingList.swift in Sources */,
				AD7F6B93295725FA006C7475 /* BaseViewController.swift in Sources */,
				AD7F6AEE29570FDC006C7475 /* AppDelegate.swift in Sources */,
				AD7F6B9C295725FA006C7475 /* UIView+Extension.swift in Sources */,
				AD7F6BA0295725FA006C7475 /* String+Extension.swift in Sources */,
				AD7F6BB4295725FA006C7475 /* AwayStandings.swift in Sources */,
				AD7F6B8D295725FA006C7475 /* Environment.swift in Sources */,
			);
			runOnlyForDeploymentPostprocessing = 0;
		};
		AD7F6AFF29570FDD006C7475 /* Sources */ = {
			isa = PBXSourcesBuildPhase;
			buildActionMask = 2147483647;
			files = (
				AD7F6B0829570FDD006C7475 /* Excellence_SportsTests.swift in Sources */,
			);
			runOnlyForDeploymentPostprocessing = 0;
		};
		AD7F6B0929570FDD006C7475 /* Sources */ = {
			isa = PBXSourcesBuildPhase;
			buildActionMask = 2147483647;
			files = (
				AD7F6B1229570FDD006C7475 /* Excellence_SportsUITests.swift in Sources */,
				AD7F6B1429570FDD006C7475 /* Excellence_SportsUITestsLaunchTests.swift in Sources */,
			);
			runOnlyForDeploymentPostprocessing = 0;
		};
/* End PBXSourcesBuildPhase section */

/* Begin PBXTargetDependency section */
		AD7F6B0529570FDD006C7475 /* PBXTargetDependency */ = {
			isa = PBXTargetDependency;
			target = AD7F6AE929570FDC006C7475 /* Excellence Sports */;
			targetProxy = AD7F6B0429570FDD006C7475 /* PBXContainerItemProxy */;
		};
		AD7F6B0F29570FDD006C7475 /* PBXTargetDependency */ = {
			isa = PBXTargetDependency;
			target = AD7F6AE929570FDC006C7475 /* Excellence Sports */;
			targetProxy = AD7F6B0E29570FDD006C7475 /* PBXContainerItemProxy */;
		};
/* End PBXTargetDependency section */

/* Begin PBXVariantGroup section */
		AD2367D4295F1428008CD760 /* InfoPlist.strings */ = {
			isa = PBXVariantGroup;
			children = (
				AD2367D3295F1428008CD760 /* en */,
				AD2367D5295F142B008CD760 /* zh-Hans */,
			);
			name = InfoPlist.strings;
			sourceTree = "<group>";
		};
		AD7F6AF329570FDC006C7475 /* Main.storyboard */ = {
			isa = PBXVariantGroup;
			children = (
				AD7F6AF429570FDC006C7475 /* Base */,
				AD9A43ED295B1AC80050E15C /* zh-Hans */,
				AD9A43EF295B1B600050E15C /* id */,
				AD9A43F1295B1B900050E15C /* th */,
				AD9A43F3295B1B970050E15C /* vi */,
			);
			name = Main.storyboard;
			sourceTree = "<group>";
		};
		AD7F6AFB29570FDD006C7475 /* LaunchScreen.storyboard */ = {
			isa = PBXVariantGroup;
			children = (
				AD7F6AFC29570FDD006C7475 /* Base */,
			);
			name = LaunchScreen.storyboard;
			sourceTree = "<group>";
		};
		AD7F6B21295725FA006C7475 /* Dialogs.strings */ = {
			isa = PBXVariantGroup;
			children = (
				AD7F6B22295725FA006C7475 /* ar */,
				AD7F6B23295725FA006C7475 /* zh-Hans */,
				AD7F6B24295725FA006C7475 /* en */,
				AD7F6B2A295725FA006C7475 /* vi */,
				AD7F6B2B295725FA006C7475 /* id */,
				AD7F6B2C295725FA006C7475 /* th */,
			);
			name = Dialogs.strings;
			sourceTree = "<group>";
		};
		AD7F6B26295725FA006C7475 /* Dialogs.storyboard */ = {
			isa = PBXVariantGroup;
			children = (
				AD7F6B27295725FA006C7475 /* Base */,
			);
			name = Dialogs.storyboard;
			sourceTree = "<group>";
		};
		AD9A43F8295B21F30050E15C /* Localizable.strings */ = {
			isa = PBXVariantGroup;
			children = (
				AD9A43F7295B21F30050E15C /* en */,
				AD9A43F9295B21F60050E15C /* zh-Hans */,
				AD9A43FA295B21F80050E15C /* id */,
				AD9A43FB295B21F90050E15C /* th */,
				AD9A43FC295B21F90050E15C /* vi */,
			);
			name = Localizable.strings;
			sourceTree = "<group>";
		};
/* End PBXVariantGroup section */

/* Begin XCBuildConfiguration section */
		AD7F6B1529570FDD006C7475 /* Debug */ = {
			isa = XCBuildConfiguration;
			buildSettings = {
				ALWAYS_SEARCH_USER_PATHS = NO;
				CLANG_ANALYZER_NONNULL = YES;
				CLANG_ANALYZER_NUMBER_OBJECT_CONVERSION = YES_AGGRESSIVE;
				CLANG_CXX_LANGUAGE_STANDARD = "gnu++17";
				CLANG_ENABLE_MODULES = YES;
				CLANG_ENABLE_OBJC_ARC = YES;
				CLANG_ENABLE_OBJC_WEAK = YES;
				CLANG_WARN_BLOCK_CAPTURE_AUTORELEASING = YES;
				CLANG_WARN_BOOL_CONVERSION = YES;
				CLANG_WARN_COMMA = YES;
				CLANG_WARN_CONSTANT_CONVERSION = YES;
				CLANG_WARN_DEPRECATED_OBJC_IMPLEMENTATIONS = YES;
				CLANG_WARN_DIRECT_OBJC_ISA_USAGE = YES_ERROR;
				CLANG_WARN_DOCUMENTATION_COMMENTS = YES;
				CLANG_WARN_EMPTY_BODY = YES;
				CLANG_WARN_ENUM_CONVERSION = YES;
				CLANG_WARN_INFINITE_RECURSION = YES;
				CLANG_WARN_INT_CONVERSION = YES;
				CLANG_WARN_NON_LITERAL_NULL_CONVERSION = YES;
				CLANG_WARN_OBJC_IMPLICIT_RETAIN_SELF = YES;
				CLANG_WARN_OBJC_LITERAL_CONVERSION = YES;
				CLANG_WARN_OBJC_ROOT_CLASS = YES_ERROR;
				CLANG_WARN_QUOTED_INCLUDE_IN_FRAMEWORK_HEADER = YES;
				CLANG_WARN_RANGE_LOOP_ANALYSIS = YES;
				CLANG_WARN_STRICT_PROTOTYPES = YES;
				CLANG_WARN_SUSPICIOUS_MOVE = YES;
				CLANG_WARN_UNGUARDED_AVAILABILITY = YES_AGGRESSIVE;
				CLANG_WARN_UNREACHABLE_CODE = YES;
				CLANG_WARN__DUPLICATE_METHOD_MATCH = YES;
				COPY_PHASE_STRIP = NO;
				DEBUG_INFORMATION_FORMAT = dwarf;
				ENABLE_STRICT_OBJC_MSGSEND = YES;
				ENABLE_TESTABILITY = YES;
				GCC_C_LANGUAGE_STANDARD = gnu11;
				GCC_DYNAMIC_NO_PIC = NO;
				GCC_NO_COMMON_BLOCKS = YES;
				GCC_OPTIMIZATION_LEVEL = 0;
				GCC_PREPROCESSOR_DEFINITIONS = (
					"DEBUG=1",
					"$(inherited)",
				);
				GCC_WARN_64_TO_32_BIT_CONVERSION = YES;
				GCC_WARN_ABOUT_RETURN_TYPE = YES_ERROR;
				GCC_WARN_UNDECLARED_SELECTOR = YES;
				GCC_WARN_UNINITIALIZED_AUTOS = YES_AGGRESSIVE;
				GCC_WARN_UNUSED_FUNCTION = YES;
				GCC_WARN_UNUSED_VARIABLE = YES;
				IPHONEOS_DEPLOYMENT_TARGET = 15.5;
				MTL_ENABLE_DEBUG_INFO = INCLUDE_SOURCE;
				MTL_FAST_MATH = YES;
				ONLY_ACTIVE_ARCH = YES;
				SDKROOT = iphoneos;
				SWIFT_ACTIVE_COMPILATION_CONDITIONS = DEBUG;
				SWIFT_OPTIMIZATION_LEVEL = "-Onone";
			};
			name = Debug;
		};
		AD7F6B1629570FDD006C7475 /* Release */ = {
			isa = XCBuildConfiguration;
			buildSettings = {
				ALWAYS_SEARCH_USER_PATHS = NO;
				CLANG_ANALYZER_NONNULL = YES;
				CLANG_ANALYZER_NUMBER_OBJECT_CONVERSION = YES_AGGRESSIVE;
				CLANG_CXX_LANGUAGE_STANDARD = "gnu++17";
				CLANG_ENABLE_MODULES = YES;
				CLANG_ENABLE_OBJC_ARC = YES;
				CLANG_ENABLE_OBJC_WEAK = YES;
				CLANG_WARN_BLOCK_CAPTURE_AUTORELEASING = YES;
				CLANG_WARN_BOOL_CONVERSION = YES;
				CLANG_WARN_COMMA = YES;
				CLANG_WARN_CONSTANT_CONVERSION = YES;
				CLANG_WARN_DEPRECATED_OBJC_IMPLEMENTATIONS = YES;
				CLANG_WARN_DIRECT_OBJC_ISA_USAGE = YES_ERROR;
				CLANG_WARN_DOCUMENTATION_COMMENTS = YES;
				CLANG_WARN_EMPTY_BODY = YES;
				CLANG_WARN_ENUM_CONVERSION = YES;
				CLANG_WARN_INFINITE_RECURSION = YES;
				CLANG_WARN_INT_CONVERSION = YES;
				CLANG_WARN_NON_LITERAL_NULL_CONVERSION = YES;
				CLANG_WARN_OBJC_IMPLICIT_RETAIN_SELF = YES;
				CLANG_WARN_OBJC_LITERAL_CONVERSION = YES;
				CLANG_WARN_OBJC_ROOT_CLASS = YES_ERROR;
				CLANG_WARN_QUOTED_INCLUDE_IN_FRAMEWORK_HEADER = YES;
				CLANG_WARN_RANGE_LOOP_ANALYSIS = YES;
				CLANG_WARN_STRICT_PROTOTYPES = YES;
				CLANG_WARN_SUSPICIOUS_MOVE = YES;
				CLANG_WARN_UNGUARDED_AVAILABILITY = YES_AGGRESSIVE;
				CLANG_WARN_UNREACHABLE_CODE = YES;
				CLANG_WARN__DUPLICATE_METHOD_MATCH = YES;
				COPY_PHASE_STRIP = NO;
				DEBUG_INFORMATION_FORMAT = "dwarf-with-dsym";
				ENABLE_NS_ASSERTIONS = NO;
				ENABLE_STRICT_OBJC_MSGSEND = YES;
				GCC_C_LANGUAGE_STANDARD = gnu11;
				GCC_NO_COMMON_BLOCKS = YES;
				GCC_WARN_64_TO_32_BIT_CONVERSION = YES;
				GCC_WARN_ABOUT_RETURN_TYPE = YES_ERROR;
				GCC_WARN_UNDECLARED_SELECTOR = YES;
				GCC_WARN_UNINITIALIZED_AUTOS = YES_AGGRESSIVE;
				GCC_WARN_UNUSED_FUNCTION = YES;
				GCC_WARN_UNUSED_VARIABLE = YES;
				IPHONEOS_DEPLOYMENT_TARGET = 15.5;
				MTL_ENABLE_DEBUG_INFO = NO;
				MTL_FAST_MATH = YES;
				SDKROOT = iphoneos;
				SWIFT_COMPILATION_MODE = wholemodule;
				SWIFT_OPTIMIZATION_LEVEL = "-O";
				VALIDATE_PRODUCT = YES;
			};
			name = Release;
		};
		AD7F6B1829570FDD006C7475 /* Debug */ = {
			isa = XCBuildConfiguration;
			baseConfigurationReference = A2E35AD2524B3F99C6470421 /* Pods-Excellence Sports.debug.xcconfig */;
			buildSettings = {
				ASSETCATALOG_COMPILER_APPICON_NAME = AppIcon;
				ASSETCATALOG_COMPILER_GLOBAL_ACCENT_COLOR_NAME = AccentColor;
				CODE_SIGN_STYLE = Automatic;
				CURRENT_PROJECT_VERSION = 1;
				DEVELOPMENT_TEAM = 7ABAGYBGR5;
				GENERATE_INFOPLIST_FILE = YES;
				INFOPLIST_FILE = "Excellence Sports/Info.plist";
				INFOPLIST_KEY_UIApplicationSupportsIndirectInputEvents = YES;
				INFOPLIST_KEY_UILaunchStoryboardName = LaunchScreen;
				INFOPLIST_KEY_UIMainStoryboardFile = Main;
				INFOPLIST_KEY_UISupportedInterfaceOrientations = UIInterfaceOrientationPortrait;
				INFOPLIST_KEY_UISupportedInterfaceOrientations_iPad = "UIInterfaceOrientationPortrait UIInterfaceOrientationPortraitUpsideDown UIInterfaceOrientationLandscapeLeft UIInterfaceOrientationLandscapeRight";
				INFOPLIST_KEY_UISupportedInterfaceOrientations_iPhone = "UIInterfaceOrientationPortrait UIInterfaceOrientationLandscapeLeft UIInterfaceOrientationLandscapeRight";
				INFOPLIST_KEY_UIUserInterfaceStyle = Light;
				IPHONEOS_DEPLOYMENT_TARGET = 13.0;
				LD_RUNPATH_SEARCH_PATHS = (
					"$(inherited)",
					"@executable_path/Frameworks",
				);
				MARKETING_VERSION = 1.0;
				PRODUCT_BUNDLE_IDENTIFIER = "com.CoolSports.Excellence-Sports";
				PRODUCT_NAME = "$(TARGET_NAME)";
				SWIFT_EMIT_LOC_STRINGS = YES;
				SWIFT_VERSION = 5.0;
				TARGETED_DEVICE_FAMILY = 1;
			};
			name = Debug;
		};
		AD7F6B1929570FDD006C7475 /* Release */ = {
			isa = XCBuildConfiguration;
			baseConfigurationReference = 3ABEBE462B4E1C18D91E453B /* Pods-Excellence Sports.release.xcconfig */;
			buildSettings = {
				ASSETCATALOG_COMPILER_APPICON_NAME = AppIcon;
				ASSETCATALOG_COMPILER_GLOBAL_ACCENT_COLOR_NAME = AccentColor;
				CODE_SIGN_STYLE = Automatic;
				CURRENT_PROJECT_VERSION = 1;
				DEVELOPMENT_TEAM = 7ABAGYBGR5;
				GENERATE_INFOPLIST_FILE = YES;
				INFOPLIST_FILE = "Excellence Sports/Info.plist";
				INFOPLIST_KEY_UIApplicationSupportsIndirectInputEvents = YES;
				INFOPLIST_KEY_UILaunchStoryboardName = LaunchScreen;
				INFOPLIST_KEY_UIMainStoryboardFile = Main;
				INFOPLIST_KEY_UISupportedInterfaceOrientations = UIInterfaceOrientationPortrait;
				INFOPLIST_KEY_UISupportedInterfaceOrientations_iPad = "UIInterfaceOrientationPortrait UIInterfaceOrientationPortraitUpsideDown UIInterfaceOrientationLandscapeLeft UIInterfaceOrientationLandscapeRight";
				INFOPLIST_KEY_UISupportedInterfaceOrientations_iPhone = "UIInterfaceOrientationPortrait UIInterfaceOrientationLandscapeLeft UIInterfaceOrientationLandscapeRight";
				INFOPLIST_KEY_UIUserInterfaceStyle = Light;
				IPHONEOS_DEPLOYMENT_TARGET = 13.0;
				LD_RUNPATH_SEARCH_PATHS = (
					"$(inherited)",
					"@executable_path/Frameworks",
				);
				MARKETING_VERSION = 1.0;
				PRODUCT_BUNDLE_IDENTIFIER = "com.CoolSports.Excellence-Sports";
				PRODUCT_NAME = "$(TARGET_NAME)";
				SWIFT_EMIT_LOC_STRINGS = YES;
				SWIFT_VERSION = 5.0;
				TARGETED_DEVICE_FAMILY = 1;
			};
			name = Release;
		};
		AD7F6B1B29570FDD006C7475 /* Debug */ = {
			isa = XCBuildConfiguration;
			baseConfigurationReference = B98D17F2EAAA5C766DF1940C /* Pods-Excellence SportsTests.debug.xcconfig */;
			buildSettings = {
				ALWAYS_EMBED_SWIFT_STANDARD_LIBRARIES = YES;
				BUNDLE_LOADER = "$(TEST_HOST)";
				CODE_SIGN_STYLE = Automatic;
				CURRENT_PROJECT_VERSION = 1;
				DEVELOPMENT_TEAM = 7ABAGYBGR5;
				GENERATE_INFOPLIST_FILE = YES;
				IPHONEOS_DEPLOYMENT_TARGET = 15.5;
				MARKETING_VERSION = 1.0;
				PRODUCT_BUNDLE_IDENTIFIER = "com.CoolSports.Excellence-SportsTests";
				PRODUCT_NAME = "$(TARGET_NAME)";
				SWIFT_EMIT_LOC_STRINGS = NO;
				SWIFT_VERSION = 5.0;
				TARGETED_DEVICE_FAMILY = "1,2";
				TEST_HOST = "$(BUILT_PRODUCTS_DIR)/Excellence Sports.app/Excellence Sports";
			};
			name = Debug;
		};
		AD7F6B1C29570FDD006C7475 /* Release */ = {
			isa = XCBuildConfiguration;
			baseConfigurationReference = 893829AD10E3E0174AEBB848 /* Pods-Excellence SportsTests.release.xcconfig */;
			buildSettings = {
				ALWAYS_EMBED_SWIFT_STANDARD_LIBRARIES = YES;
				BUNDLE_LOADER = "$(TEST_HOST)";
				CODE_SIGN_STYLE = Automatic;
				CURRENT_PROJECT_VERSION = 1;
				DEVELOPMENT_TEAM = 7ABAGYBGR5;
				GENERATE_INFOPLIST_FILE = YES;
				IPHONEOS_DEPLOYMENT_TARGET = 15.5;
				MARKETING_VERSION = 1.0;
				PRODUCT_BUNDLE_IDENTIFIER = "com.CoolSports.Excellence-SportsTests";
				PRODUCT_NAME = "$(TARGET_NAME)";
				SWIFT_EMIT_LOC_STRINGS = NO;
				SWIFT_VERSION = 5.0;
				TARGETED_DEVICE_FAMILY = "1,2";
				TEST_HOST = "$(BUILT_PRODUCTS_DIR)/Excellence Sports.app/Excellence Sports";
			};
			name = Release;
		};
		AD7F6B1E29570FDD006C7475 /* Debug */ = {
			isa = XCBuildConfiguration;
			baseConfigurationReference = 732524EFE511C9926C25FD4D /* Pods-Excellence Sports-Excellence SportsUITests.debug.xcconfig */;
			buildSettings = {
				ALWAYS_EMBED_SWIFT_STANDARD_LIBRARIES = YES;
				CODE_SIGN_STYLE = Automatic;
				CURRENT_PROJECT_VERSION = 1;
				DEVELOPMENT_TEAM = 7ABAGYBGR5;
				GENERATE_INFOPLIST_FILE = YES;
				MARKETING_VERSION = 1.0;
				PRODUCT_BUNDLE_IDENTIFIER = "com.CoolSports.Excellence-SportsUITests";
				PRODUCT_NAME = "$(TARGET_NAME)";
				SWIFT_EMIT_LOC_STRINGS = NO;
				SWIFT_VERSION = 5.0;
				TARGETED_DEVICE_FAMILY = "1,2";
				TEST_TARGET_NAME = "Excellence Sports";
			};
			name = Debug;
		};
		AD7F6B1F29570FDD006C7475 /* Release */ = {
			isa = XCBuildConfiguration;
			baseConfigurationReference = A3131679ECAC729ECDC8ADF3 /* Pods-Excellence Sports-Excellence SportsUITests.release.xcconfig */;
			buildSettings = {
				ALWAYS_EMBED_SWIFT_STANDARD_LIBRARIES = YES;
				CODE_SIGN_STYLE = Automatic;
				CURRENT_PROJECT_VERSION = 1;
				DEVELOPMENT_TEAM = 7ABAGYBGR5;
				GENERATE_INFOPLIST_FILE = YES;
				MARKETING_VERSION = 1.0;
				PRODUCT_BUNDLE_IDENTIFIER = "com.CoolSports.Excellence-SportsUITests";
				PRODUCT_NAME = "$(TARGET_NAME)";
				SWIFT_EMIT_LOC_STRINGS = NO;
				SWIFT_VERSION = 5.0;
				TARGETED_DEVICE_FAMILY = "1,2";
				TEST_TARGET_NAME = "Excellence Sports";
			};
			name = Release;
		};
/* End XCBuildConfiguration section */

/* Begin XCConfigurationList section */
		AD7F6AE529570FDC006C7475 /* Build configuration list for PBXProject "Excellence Sports" */ = {
			isa = XCConfigurationList;
			buildConfigurations = (
				AD7F6B1529570FDD006C7475 /* Debug */,
				AD7F6B1629570FDD006C7475 /* Release */,
			);
			defaultConfigurationIsVisible = 0;
			defaultConfigurationName = Release;
		};
		AD7F6B1729570FDD006C7475 /* Build configuration list for PBXNativeTarget "Excellence Sports" */ = {
			isa = XCConfigurationList;
			buildConfigurations = (
				AD7F6B1829570FDD006C7475 /* Debug */,
				AD7F6B1929570FDD006C7475 /* Release */,
			);
			defaultConfigurationIsVisible = 0;
			defaultConfigurationName = Release;
		};
		AD7F6B1A29570FDD006C7475 /* Build configuration list for PBXNativeTarget "Excellence SportsTests" */ = {
			isa = XCConfigurationList;
			buildConfigurations = (
				AD7F6B1B29570FDD006C7475 /* Debug */,
				AD7F6B1C29570FDD006C7475 /* Release */,
			);
			defaultConfigurationIsVisible = 0;
			defaultConfigurationName = Release;
		};
		AD7F6B1D29570FDD006C7475 /* Build configuration list for PBXNativeTarget "Excellence SportsUITests" */ = {
			isa = XCConfigurationList;
			buildConfigurations = (
				AD7F6B1E29570FDD006C7475 /* Debug */,
				AD7F6B1F29570FDD006C7475 /* Release */,
			);
			defaultConfigurationIsVisible = 0;
			defaultConfigurationName = Release;
		};
/* End XCConfigurationList section */

/* Begin XCVersionGroup section */
		AD7F6AF629570FDC006C7475 /* Excellence_Sports.xcdatamodeld */ = {
			isa = XCVersionGroup;
			children = (
				AD7F6AF729570FDC006C7475 /* Excellence_Sports.xcdatamodel */,
			);
			currentVersion = AD7F6AF729570FDC006C7475 /* Excellence_Sports.xcdatamodel */;
			path = Excellence_Sports.xcdatamodeld;
			sourceTree = "<group>";
			versionGroupType = wrapper.xcdatamodel;
		};
/* End XCVersionGroup section */
	};
	rootObject = AD7F6AE229570FDC006C7475 /* Project object */;
}
